<?xml version="1.0" encoding="utf-8"?>
<Project ToolsVersion="4.0" xmlns="http://schemas.microsoft.com/developer/msbuild/2003">
  <ItemGroup>
    <Filter Include="소스 파일">
      <UniqueIdentifier>{4FC737F1-C7A5-4376-A066-2A32D752A2FF}</UniqueIdentifier>
      <Extensions>cpp;c;cc;cxx;def;odl;idl;hpj;bat;asm;asmx</Extensions>
    </Filter>
    <Filter Include="헤더 파일">
      <UniqueIdentifier>{93995380-89BD-4b04-88EB-625FBE52EBFB}</UniqueIdentifier>
      <Extensions>h;hh;hpp;hxx;hm;inl;inc;ipp;xsd</Extensions>
    </Filter>
    <Filter Include="리소스 파일">
      <UniqueIdentifier>{67DA6AB6-F800-4c08-8B7A-83BB121AAD01}</UniqueIdentifier>
      <Extensions>rc;ico;cur;bmp;dlg;rc2;rct;bin;rgs;gif;jpg;jpeg;jpe;resx;tiff;tif;png;wav;mfcribbon-ms</Extensions>
    </Filter>
    <Filter Include="소스 파일\기본">
      <UniqueIdentifier>{6c9618ea-e7d0-4242-a221-91eed1c3821f}</UniqueIdentifier>
    </Filter>
    <Filter Include="소스 파일\브루트포스">
      <UniqueIdentifier>{8afba1c2-624d-42cd-b258-48089e092b04}</UniqueIdentifier>
    </Filter>
    <Filter Include="소스 파일\정렬">
      <UniqueIdentifier>{2e9218c3-e9d7-4252-93cb-3bf7eb1659bb}</UniqueIdentifier>
    </Filter>
    <Filter Include="소스 파일\수학">
      <UniqueIdentifier>{5b46a1e8-1993-4259-adfc-02607d225e02}</UniqueIdentifier>
    </Filter>
    <Filter Include="소스 파일\분할정복">
      <UniqueIdentifier>{094f1e30-cadf-4a8a-995b-43900f58c5bc}</UniqueIdentifier>
    </Filter>
    <Filter Include="소스 파일\시뮬레이션">
      <UniqueIdentifier>{61852be2-0735-4fe7-bc83-da4475374c43}</UniqueIdentifier>
    </Filter>
    <Filter Include="소스 파일\문자열">
      <UniqueIdentifier>{1f03e800-2390-4bc1-aaa3-02b8b016811e}</UniqueIdentifier>
    </Filter>
    <Filter Include="소스 파일\자료구조">
      <UniqueIdentifier>{0c041d74-be3e-4516-85c5-74ceb017802f}</UniqueIdentifier>
    </Filter>
    <Filter Include="소스 파일\자료구조\링크드리스트">
      <UniqueIdentifier>{6aea4eec-fb0e-4d2e-bc3e-a167fa134c36}</UniqueIdentifier>
    </Filter>
    <Filter Include="소스 파일\자료구조\큐">
      <UniqueIdentifier>{f92298de-6fd0-4cb5-b0b7-a88bd6a0778e}</UniqueIdentifier>
    </Filter>
    <Filter Include="소스 파일\자료구조\스택">
      <UniqueIdentifier>{c3d35282-5fd0-4f37-aa71-1be6b4b5b5b1}</UniqueIdentifier>
    </Filter>
    <Filter Include="소스 파일\이분탐색">
      <UniqueIdentifier>{1410d12d-5627-4d09-ac03-60c04f96d672}</UniqueIdentifier>
    </Filter>
    <Filter Include="소스 파일\그래프">
      <UniqueIdentifier>{e7e545ba-6b4c-4b59-a876-a1a64cc3e20e}</UniqueIdentifier>
    </Filter>
    <Filter Include="소스 파일\그래프\LCA">
      <UniqueIdentifier>{b9f367cf-868f-4781-9a99-ba685ec9e19f}</UniqueIdentifier>
    </Filter>
    <Filter Include="소스 파일\그래프\MST">
      <UniqueIdentifier>{343b145c-11f4-4f9d-a1bc-fa9772637d10}</UniqueIdentifier>
    </Filter>
    <Filter Include="소스 파일\그래프\Union-Find">
      <UniqueIdentifier>{9d7ead81-b16c-49af-a43e-0ea1378a68dc}</UniqueIdentifier>
    </Filter>
    <Filter Include="소스 파일\그래프\위상정렬">
      <UniqueIdentifier>{faaee1fd-79fe-4a06-b922-44d559a8ec09}</UniqueIdentifier>
    </Filter>
    <Filter Include="소스 파일\그래프\최단경로">
      <UniqueIdentifier>{7439a0b9-3f75-4983-b5c4-e7f9a32a9509}</UniqueIdentifier>
    </Filter>
    <Filter Include="소스 파일\그래프\단절점-단절선">
      <UniqueIdentifier>{66b81cbe-dc2d-4f18-973a-be22a0fa29e2}</UniqueIdentifier>
    </Filter>
    <Filter Include="소스 파일\재귀호출">
      <UniqueIdentifier>{9a05e295-0505-4bd0-839f-a10ee66969e0}</UniqueIdentifier>
    </Filter>
    <Filter Include="소스 파일\수학\소수">
      <UniqueIdentifier>{7572abb7-7773-4890-9f4a-015b1cef8d4d}</UniqueIdentifier>
    </Filter>
    <Filter Include="소스 파일\투포인터">
      <UniqueIdentifier>{d0863aa9-bb69-47f7-b2b2-faabdf04651b}</UniqueIdentifier>
    </Filter>
    <Filter Include="소스 파일\수학\GCD-LCM">
      <UniqueIdentifier>{758e994c-132f-4c1e-bbdf-aa593ce8e4d7}</UniqueIdentifier>
    </Filter>
    <Filter Include="소스 파일\인덱스트리">
      <UniqueIdentifier>{e57dd704-4bcc-4e79-85e6-fc6e69797f12}</UniqueIdentifier>
    </Filter>
    <Filter Include="소스 파일\그리디">
      <UniqueIdentifier>{347e9a9d-eab9-4b1b-bf70-1645210b402d}</UniqueIdentifier>
    </Filter>
    <Filter Include="소스 파일\자료구조\맵">
      <UniqueIdentifier>{5732c53d-4910-426b-ae50-b17f71d9d53b}</UniqueIdentifier>
    </Filter>
    <Filter Include="소스 파일\문자열\팰린드롬">
      <UniqueIdentifier>{6e960f9e-c332-4eea-acae-7e79daffe80e}</UniqueIdentifier>
    </Filter>
    <Filter Include="소스 파일\자료구조\트리">
      <UniqueIdentifier>{e04bc7cb-30fd-4cf1-889f-0667f2e220da}</UniqueIdentifier>
    </Filter>
    <Filter Include="소스 파일\BFS">
      <UniqueIdentifier>{f43bc971-2004-4262-9671-c0cedccef3b1}</UniqueIdentifier>
    </Filter>
    <Filter Include="소스 파일\그래프\그래프이론">
      <UniqueIdentifier>{25e64372-d0f6-4489-b29d-15b17990f858}</UniqueIdentifier>
    </Filter>
    <Filter Include="소스 파일\수학\조합">
      <UniqueIdentifier>{44fec9ae-8a68-487f-97c7-fe0d4a37cd54}</UniqueIdentifier>
    </Filter>
    <Filter Include="소스 파일\기본\출력">
      <UniqueIdentifier>{2266706a-dfba-4cb6-af24-c6473aab7f93}</UniqueIdentifier>
    </Filter>
    <Filter Include="소스 파일\DP">
      <UniqueIdentifier>{4bf9dba2-68df-4ece-80a0-00ce5745e731}</UniqueIdentifier>
    </Filter>
    <Filter Include="소스 파일\DP\LIS">
      <UniqueIdentifier>{2a43fe78-976b-410b-86af-cca281743455}</UniqueIdentifier>
    </Filter>
    <Filter Include="소스 파일\DP\피보나치수">
      <UniqueIdentifier>{ed7c7fc7-202d-4cc8-b6e2-428f42169c35}</UniqueIdentifier>
    </Filter>
    <Filter Include="소스 파일\DP\비트마스크">
      <UniqueIdentifier>{99f8b398-0842-4434-a9b8-fb0654f5b132}</UniqueIdentifier>
    </Filter>
    <Filter Include="소스 파일\수학\순열">
      <UniqueIdentifier>{000dc9a4-d402-4d62-af07-5f4ffa285dda}</UniqueIdentifier>
    </Filter>
    <Filter Include="소스 파일\수학\기하">
      <UniqueIdentifier>{98464334-e5d0-4140-80e6-75e63dad0951}</UniqueIdentifier>
    </Filter>
    <Filter Include="소스 파일\MCMF">
      <UniqueIdentifier>{c137c490-123f-4aa1-a4f9-fc9aef0236af}</UniqueIdentifier>
    </Filter>
    <Filter Include="소스 파일\DP\LCS">
      <UniqueIdentifier>{0595d8f0-731f-403c-8332-71931f87a7f1}</UniqueIdentifier>
    </Filter>
    <Filter Include="소스 파일\수학\구현">
      <UniqueIdentifier>{8e52be64-612a-4c14-957c-c5eaf1b234b2}</UniqueIdentifier>
    </Filter>
    <Filter Include="소스 파일\자료구조\셋">
      <UniqueIdentifier>{f9b57c33-26bf-4a49-93a4-bc0eca29376b}</UniqueIdentifier>
    </Filter>
    <Filter Include="소스 파일\그래프\최단경로\다익스트라">
      <UniqueIdentifier>{343751c9-3942-4e5f-94b6-1530f2cfebb6}</UniqueIdentifier>
    </Filter>
    <Filter Include="소스 파일\그래프\최단경로\벨만-포드">
      <UniqueIdentifier>{c940d09e-ebb5-4e70-9a4f-08b2d30ac2f8}</UniqueIdentifier>
    </Filter>
    <Filter Include="소스 파일\그래프\최단경로\플로이드워셜">
      <UniqueIdentifier>{2dac973a-0489-44ae-a735-90f582a2b2bd}</UniqueIdentifier>
    </Filter>
    <Filter Include="소스 파일\DFS">
      <UniqueIdentifier>{f2728ed0-6ade-4b7c-91f5-b9d27daa987c}</UniqueIdentifier>
    </Filter>
  </ItemGroup>
  <ItemGroup>
    <ClCompile Include="1774_우주신과의교감.cpp">
      <Filter>소스 파일\그래프\MST</Filter>
    </ClCompile>
    <ClCompile Include="2887_행성터널.cpp">
      <Filter>소스 파일\그래프\MST</Filter>
    </ClCompile>
    <ClCompile Include="4386_별자리만들기.cpp">
      <Filter>소스 파일\그래프\MST</Filter>
    </ClCompile>
    <ClCompile Include="4792_레드블루스패닝트리.cpp">
      <Filter>소스 파일\그래프\MST</Filter>
    </ClCompile>
    <ClCompile Include="9372_상근이의여행.cpp">
      <Filter>소스 파일\그래프\MST</Filter>
    </ClCompile>
    <ClCompile Include="1197_최소스패닝트리.cpp">
      <Filter>소스 파일\그래프\MST</Filter>
    </ClCompile>
    <ClCompile Include="1717_집합의표현.cpp">
      <Filter>소스 파일\그래프\Union-Find</Filter>
    </ClCompile>
    <ClCompile Include="2252_줄세우기.cpp">
      <Filter>소스 파일\그래프\위상정렬</Filter>
    </ClCompile>
    <ClCompile Include="1922_네트워크연결.cpp">
      <Filter>소스 파일\그래프\MST</Filter>
    </ClCompile>
    <ClCompile Include="11438_LCA2.cpp">
      <Filter>소스 파일\그래프\LCA</Filter>
    </ClCompile>
    <ClCompile Include="1516_게임개발.cpp">
      <Filter>소스 파일\그래프\위상정렬</Filter>
    </ClCompile>
    <ClCompile Include="3830_교수님은기다리지않는다.cpp">
      <Filter>소스 파일\그래프\Union-Find</Filter>
    </ClCompile>
    <ClCompile Include="3176_도로네트워크.cpp">
      <Filter>소스 파일\그래프\LCA</Filter>
    </ClCompile>
    <ClCompile Include="11266_단절점.cpp">
      <Filter>소스 파일\그래프\단절점-단절선</Filter>
    </ClCompile>
    <ClCompile Include="1976_여행가자.cpp">
      <Filter>소스 파일\그래프\Union-Find</Filter>
    </ClCompile>
    <ClCompile Include="10775_공항.cpp">
      <Filter>소스 파일\그래프\Union-Find</Filter>
    </ClCompile>
    <ClCompile Include="4195_친구네트워크.cpp">
      <Filter>소스 파일\그래프\Union-Find</Filter>
    </ClCompile>
    <ClCompile Include="1005_ACMCraft.cpp">
      <Filter>소스 파일\그래프\위상정렬</Filter>
    </ClCompile>
    <ClCompile Include="1766_문제집.cpp">
      <Filter>소스 파일\그래프\위상정렬</Filter>
    </ClCompile>
    <ClCompile Include="1948_임계경로.cpp">
      <Filter>소스 파일\그래프\위상정렬</Filter>
    </ClCompile>
    <ClCompile Include="3665_최종순위.cpp">
      <Filter>소스 파일\그래프\위상정렬</Filter>
    </ClCompile>
    <ClCompile Include="3584_가장가까운공통조상.cpp">
      <Filter>소스 파일\그래프\LCA</Filter>
    </ClCompile>
    <ClCompile Include="13511_트리와쿼리2.cpp">
      <Filter>소스 파일\그래프\LCA</Filter>
    </ClCompile>
    <ClCompile Include="17435_합성함수와쿼리.cpp">
      <Filter>소스 파일\그래프\LCA</Filter>
    </ClCompile>
    <ClCompile Include="11400_단절선.cpp">
      <Filter>소스 파일\그래프\단절점-단절선</Filter>
    </ClCompile>
    <ClCompile Include="2458_키순서.cpp">
      <Filter>소스 파일\그래프\위상정렬</Filter>
    </ClCompile>
    <ClCompile Include="1000_A+B.cpp">
      <Filter>소스 파일\기본</Filter>
    </ClCompile>
    <ClCompile Include="1001_A-B.cpp">
      <Filter>소스 파일\기본</Filter>
    </ClCompile>
    <ClCompile Include="1008_A나누기B.cpp">
      <Filter>소스 파일\기본</Filter>
    </ClCompile>
    <ClCompile Include="1011_FlyMeToTheAlphaCentauri.cpp">
      <Filter>소스 파일\DP</Filter>
    </ClCompile>
    <ClCompile Include="1018_체스판다시칠하기.cpp">
      <Filter>소스 파일\브루트포스</Filter>
    </ClCompile>
    <ClCompile Include="2231_분해합.cpp">
      <Filter>소스 파일\브루트포스</Filter>
    </ClCompile>
    <ClCompile Include="2798_블랙잭.cpp">
      <Filter>소스 파일\브루트포스</Filter>
    </ClCompile>
    <ClCompile Include="7568_덩치.cpp">
      <Filter>소스 파일\브루트포스</Filter>
    </ClCompile>
    <ClCompile Include="1436_영화감독숌.cpp">
      <Filter>소스 파일\브루트포스</Filter>
    </ClCompile>
    <ClCompile Include="2750_수정렬하기.cpp">
      <Filter>소스 파일\정렬</Filter>
    </ClCompile>
    <ClCompile Include="2751_수정렬하기2.cpp">
      <Filter>소스 파일\정렬</Filter>
    </ClCompile>
    <ClCompile Include="2108_통계학.cpp">
      <Filter>소스 파일\정렬</Filter>
    </ClCompile>
    <ClCompile Include="10989_수정렬하기3.cpp">
      <Filter>소스 파일\정렬</Filter>
    </ClCompile>
    <ClCompile Include="1427_소트인사이드.cpp">
      <Filter>소스 파일\정렬</Filter>
    </ClCompile>
    <ClCompile Include="1181_단어정렬.cpp">
      <Filter>소스 파일\정렬</Filter>
    </ClCompile>
    <ClCompile Include="11650_좌표정렬하기.cpp">
      <Filter>소스 파일\정렬</Filter>
    </ClCompile>
    <ClCompile Include="11651_좌표정렬하기2.cpp">
      <Filter>소스 파일\정렬</Filter>
    </ClCompile>
    <ClCompile Include="10814_나이순정렬.cpp">
      <Filter>소스 파일\정렬</Filter>
    </ClCompile>
    <ClCompile Include="1021_회전하는큐.cpp">
      <Filter>소스 파일\자료구조\큐</Filter>
    </ClCompile>
    <ClCompile Include="1874_스택수열.cpp">
      <Filter>소스 파일\자료구조\스택</Filter>
    </ClCompile>
    <ClCompile Include="4949_균형잡힌세상.cpp">
      <Filter>소스 파일\자료구조\스택</Filter>
    </ClCompile>
    <ClCompile Include="10828_스택.cpp">
      <Filter>소스 파일\자료구조\스택</Filter>
    </ClCompile>
    <ClCompile Include="10773_제로.cpp">
      <Filter>소스 파일\자료구조\스택</Filter>
    </ClCompile>
    <ClCompile Include="17298_오큰수.cpp">
      <Filter>소스 파일\자료구조\스택</Filter>
    </ClCompile>
    <ClCompile Include="10845_큐.cpp">
      <Filter>소스 파일\자료구조\큐</Filter>
    </ClCompile>
    <ClCompile Include="10866_덱.cpp">
      <Filter>소스 파일\자료구조\큐</Filter>
    </ClCompile>
    <ClCompile Include="11866_조세퍼스문제0.cpp">
      <Filter>소스 파일\자료구조\큐</Filter>
    </ClCompile>
    <ClCompile Include="2164_카드2.cpp">
      <Filter>소스 파일\자료구조\큐</Filter>
    </ClCompile>
    <ClCompile Include="5430_AC.cpp">
      <Filter>소스 파일\자료구조\큐</Filter>
    </ClCompile>
    <ClCompile Include="1904_01타일.cpp">
      <Filter>소스 파일\DP</Filter>
    </ClCompile>
    <ClCompile Include="9461_파도반수열.cpp">
      <Filter>소스 파일\DP</Filter>
    </ClCompile>
    <ClCompile Include="1149_RGB거리.cpp">
      <Filter>소스 파일\DP</Filter>
    </ClCompile>
    <ClCompile Include="1932_정수삼각형.cpp">
      <Filter>소스 파일\DP</Filter>
    </ClCompile>
    <ClCompile Include="2579_계단오르기.cpp">
      <Filter>소스 파일\DP</Filter>
    </ClCompile>
    <ClCompile Include="1463_1로만들기.cpp">
      <Filter>소스 파일\DP</Filter>
    </ClCompile>
    <ClCompile Include="10844_쉬운계단수.cpp">
      <Filter>소스 파일\DP</Filter>
    </ClCompile>
    <ClCompile Include="2156_포도주시식.cpp">
      <Filter>소스 파일\DP</Filter>
    </ClCompile>
    <ClCompile Include="2565_전깃줄.cpp">
      <Filter>소스 파일\DP</Filter>
    </ClCompile>
    <ClCompile Include="1912_연속합.cpp">
      <Filter>소스 파일\DP</Filter>
    </ClCompile>
    <ClCompile Include="11066_파일합치기.cpp">
      <Filter>소스 파일\DP</Filter>
    </ClCompile>
    <ClCompile Include="11049_행렬곱셈순서.cpp">
      <Filter>소스 파일\DP</Filter>
    </ClCompile>
    <ClCompile Include="1520_내리막길.cpp">
      <Filter>소스 파일\DP</Filter>
    </ClCompile>
    <ClCompile Include="12865_평범한배낭.cpp">
      <Filter>소스 파일\DP</Filter>
    </ClCompile>
    <ClCompile Include="2293_동전1.cpp">
      <Filter>소스 파일\DP</Filter>
    </ClCompile>
    <ClCompile Include="1062_가르침.cpp">
      <Filter>소스 파일\브루트포스</Filter>
    </ClCompile>
    <ClCompile Include="1065_한수.cpp">
      <Filter>소스 파일\브루트포스</Filter>
    </ClCompile>
    <ClCompile Include="1074_Z.cpp">
      <Filter>소스 파일\분할정복</Filter>
    </ClCompile>
    <ClCompile Include="1107_리모컨.cpp">
      <Filter>소스 파일\브루트포스</Filter>
    </ClCompile>
    <ClCompile Include="1152_단어의개수.cpp">
      <Filter>소스 파일\문자열</Filter>
    </ClCompile>
    <ClCompile Include="1157_단어공부.cpp">
      <Filter>소스 파일\문자열</Filter>
    </ClCompile>
    <ClCompile Include="1158_조세퍼스문제.cpp">
      <Filter>소스 파일\자료구조\링크드리스트</Filter>
    </ClCompile>
    <ClCompile Include="1300_K번째수.cpp">
      <Filter>소스 파일\이분탐색</Filter>
    </ClCompile>
    <ClCompile Include="1309_동물원.cpp">
      <Filter>소스 파일\DP</Filter>
    </ClCompile>
    <ClCompile Include="1316_그룹단어체커.cpp">
      <Filter>소스 파일\문자열</Filter>
    </ClCompile>
    <ClCompile Include="1330_두수비교하기.cpp">
      <Filter>소스 파일\기본</Filter>
    </ClCompile>
    <ClCompile Include="1351_무한수열.cpp">
      <Filter>소스 파일\DP</Filter>
    </ClCompile>
    <ClCompile Include="1495_기타리스트.cpp">
      <Filter>소스 파일\DP</Filter>
    </ClCompile>
    <ClCompile Include="1541_잃어버린괄호.cpp">
      <Filter>소스 파일\그리디</Filter>
    </ClCompile>
    <ClCompile Include="1546_평균.cpp">
      <Filter>소스 파일\기본</Filter>
    </ClCompile>
    <ClCompile Include="1655_가운데를말해요.cpp">
      <Filter>소스 파일\자료구조\큐</Filter>
    </ClCompile>
    <ClCompile Include="1699_제곱수의합.cpp">
      <Filter>소스 파일\DP</Filter>
    </ClCompile>
    <ClCompile Include="1759_암호만들기.cpp">
      <Filter>소스 파일\브루트포스</Filter>
    </ClCompile>
    <ClCompile Include="1780_종이의개수.cpp">
      <Filter>소스 파일\분할정복</Filter>
    </ClCompile>
    <ClCompile Include="1890_점프.cpp">
      <Filter>소스 파일\DP</Filter>
    </ClCompile>
    <ClCompile Include="1914_하노이탑.cpp">
      <Filter>소스 파일\재귀호출</Filter>
    </ClCompile>
    <ClCompile Include="1920_수찾기.cpp">
      <Filter>소스 파일\이분탐색</Filter>
    </ClCompile>
    <ClCompile Include="1924_2007년.cpp">
      <Filter>소스 파일\기본</Filter>
    </ClCompile>
    <ClCompile Include="1927_최소힙.cpp">
      <Filter>소스 파일\자료구조\큐</Filter>
    </ClCompile>
    <ClCompile Include="1966_프린터큐.cpp">
      <Filter>소스 파일\자료구조\큐</Filter>
    </ClCompile>
    <ClCompile Include="1931_회의실배정.cpp">
      <Filter>소스 파일\그리디</Filter>
    </ClCompile>
    <ClCompile Include="1937_욕심쟁이판다.cpp">
      <Filter>소스 파일\DFS</Filter>
    </ClCompile>
    <ClCompile Include="1965_상자넣기.cpp">
      <Filter>소스 파일\DP</Filter>
    </ClCompile>
    <ClCompile Include="1929_소수만들기.cpp">
      <Filter>소스 파일\수학\소수</Filter>
    </ClCompile>
    <ClCompile Include="1979_소수찾기.cpp">
      <Filter>소스 파일\수학\소수</Filter>
    </ClCompile>
    <ClCompile Include="1992_쿼드트리.cpp">
      <Filter>소스 파일\분할정복</Filter>
    </ClCompile>
    <ClCompile Include="2003_수들의합2.cpp">
      <Filter>소스 파일\투포인터</Filter>
    </ClCompile>
    <ClCompile Include="2004_조합0의개수.cpp">
      <Filter>소스 파일\수학\조합</Filter>
    </ClCompile>
    <ClCompile Include="1037_약수.cpp">
      <Filter>소스 파일\수학\구현</Filter>
    </ClCompile>
    <ClCompile Include="1085_직사각형에서탈출.cpp">
      <Filter>소스 파일\수학\구현</Filter>
    </ClCompile>
    <ClCompile Include="1094_막대기.cpp">
      <Filter>소스 파일\수학\구현</Filter>
    </ClCompile>
    <ClCompile Include="1110_더하기사이클.cpp">
      <Filter>소스 파일\수학\구현</Filter>
    </ClCompile>
    <ClCompile Include="1193_분수찾기.cpp">
      <Filter>소스 파일\수학\구현</Filter>
    </ClCompile>
    <ClCompile Include="1475_방번호.cpp">
      <Filter>소스 파일\수학\구현</Filter>
    </ClCompile>
    <ClCompile Include="1676_팩토리얼0의개수.cpp">
      <Filter>소스 파일\수학\구현</Filter>
    </ClCompile>
    <ClCompile Include="1712_손익분기점.cpp">
      <Filter>소스 파일\수학\구현</Filter>
    </ClCompile>
    <ClCompile Include="1850_최대공약수.cpp">
      <Filter>소스 파일\수학\GCD-LCM</Filter>
    </ClCompile>
    <ClCompile Include="2042_구간합구하기.cpp">
      <Filter>소스 파일\인덱스트리</Filter>
    </ClCompile>
    <ClCompile Include="2075_N번째큰수.cpp">
      <Filter>소스 파일\수학\구현</Filter>
    </ClCompile>
    <ClCompile Include="2167_2차원배열의합.cpp">
      <Filter>소스 파일\DP</Filter>
    </ClCompile>
    <ClCompile Include="2169_로봇조종하기.cpp">
      <Filter>소스 파일\DP</Filter>
    </ClCompile>
    <ClCompile Include="2193_이친수.cpp">
      <Filter>소스 파일\DP</Filter>
    </ClCompile>
    <ClCompile Include="2217_로프.cpp">
      <Filter>소스 파일\그리디</Filter>
    </ClCompile>
    <ClCompile Include="2225_합분해.cpp">
      <Filter>소스 파일\DP</Filter>
    </ClCompile>
    <ClCompile Include="2228_구간나누기.cpp">
      <Filter>소스 파일\DP</Filter>
    </ClCompile>
    <ClCompile Include="2294_동전2.cpp">
      <Filter>소스 파일\DP</Filter>
    </ClCompile>
    <ClCompile Include="2292_벌집.cpp">
      <Filter>소스 파일\수학\구현</Filter>
    </ClCompile>
    <ClCompile Include="2309_일곱난쟁이.cpp">
      <Filter>소스 파일\브루트포스</Filter>
    </ClCompile>
    <ClCompile Include="2312_수복원하기.cpp">
      <Filter>소스 파일\수학\소수</Filter>
    </ClCompile>
    <ClCompile Include="2357_최솟값과최댓값.cpp">
      <Filter>소스 파일\인덱스트리</Filter>
    </ClCompile>
    <ClCompile Include="2455_지능형기차.cpp">
      <Filter>소스 파일\시뮬레이션</Filter>
    </ClCompile>
    <ClCompile Include="2493_탑.cpp">
      <Filter>소스 파일\자료구조\스택</Filter>
    </ClCompile>
    <ClCompile Include="2503_숫자야구.cpp">
      <Filter>소스 파일\브루트포스</Filter>
    </ClCompile>
    <ClCompile Include="2558_A-B-2.cpp">
      <Filter>소스 파일\기본</Filter>
    </ClCompile>
    <ClCompile Include="2562_최댓값.cpp">
      <Filter>소스 파일\기본</Filter>
    </ClCompile>
    <ClCompile Include="2576_홀수.cpp">
      <Filter>소스 파일\수학\구현</Filter>
    </ClCompile>
    <ClCompile Include="2577_숫자의개수.cpp">
      <Filter>소스 파일\수학\구현</Filter>
    </ClCompile>
    <ClCompile Include="2581_소수.cpp">
      <Filter>소스 파일\수학\소수</Filter>
    </ClCompile>
    <ClCompile Include="2588_곱셈.cpp">
      <Filter>소스 파일\기본</Filter>
    </ClCompile>
    <ClCompile Include="2609_최대공약수와최소공배수.cpp">
      <Filter>소스 파일\수학\GCD-LCM</Filter>
    </ClCompile>
    <ClCompile Include="2630_색종이만들기.cpp">
      <Filter>소스 파일\분할정복</Filter>
    </ClCompile>
    <ClCompile Include="1987_알파벳.java">
      <Filter>소스 파일\DFS</Filter>
    </ClCompile>
    <ClCompile Include="2529_부등호.cpp">
      <Filter>소스 파일\그리디</Filter>
    </ClCompile>
    <ClCompile Include="2675_문자열반복.cpp">
      <Filter>소스 파일\기본</Filter>
    </ClCompile>
    <ClCompile Include="2697_다음수구하기.cpp">
      <Filter>소스 파일\수학\구현</Filter>
    </ClCompile>
    <ClCompile Include="2739_구구단.cpp">
      <Filter>소스 파일\기본</Filter>
    </ClCompile>
    <ClCompile Include="2740_행렬곱셈.cpp">
      <Filter>소스 파일\수학\구현</Filter>
    </ClCompile>
    <ClCompile Include="2745_진법변환.cpp">
      <Filter>소스 파일\수학\구현</Filter>
    </ClCompile>
    <ClCompile Include="2753_윤년.cpp">
      <Filter>소스 파일\수학\구현</Filter>
    </ClCompile>
    <ClCompile Include="2775_부녀회장이될테야.cpp">
      <Filter>소스 파일\수학\구현</Filter>
    </ClCompile>
    <ClCompile Include="2839_설탕배달.cpp">
      <Filter>소스 파일\수학\구현</Filter>
    </ClCompile>
    <ClCompile Include="2858_기숙사바닥.cpp">
      <Filter>소스 파일\수학\구현</Filter>
    </ClCompile>
    <ClCompile Include="2869_달팽이는올라가고싶다.cpp">
      <Filter>소스 파일\수학\구현</Filter>
    </ClCompile>
    <ClCompile Include="2884_알람시계.cpp">
      <Filter>소스 파일\수학\구현</Filter>
    </ClCompile>
    <ClCompile Include="2902_KMP는왜KMP일까.cpp">
      <Filter>소스 파일\문자열</Filter>
    </ClCompile>
    <ClCompile Include="2903_중앙이동알고리즘.cpp">
      <Filter>소스 파일\수학\구현</Filter>
    </ClCompile>
    <ClCompile Include="2908_상수.cpp">
      <Filter>소스 파일\문자열</Filter>
    </ClCompile>
    <ClCompile Include="2920_음계.cpp">
      <Filter>소스 파일\수학\구현</Filter>
    </ClCompile>
    <ClCompile Include="2941_크로아티아알파벳.cpp">
      <Filter>소스 파일\문자열</Filter>
    </ClCompile>
    <ClCompile Include="2960_에라토스테네스의체.cpp">
      <Filter>소스 파일\수학\소수</Filter>
    </ClCompile>
    <ClCompile Include="2981_검문.cpp">
      <Filter>소스 파일\수학\구현</Filter>
    </ClCompile>
    <ClCompile Include="3009_네번째점.cpp">
      <Filter>소스 파일\수학\구현</Filter>
    </ClCompile>
    <ClCompile Include="3020_개똥벌레.cpp">
      <Filter>소스 파일\정렬</Filter>
    </ClCompile>
    <ClCompile Include="3047_ABC.cpp">
      <Filter>소스 파일\문자열</Filter>
    </ClCompile>
    <ClCompile Include="3052_나머지.cpp">
      <Filter>소스 파일\기본</Filter>
    </ClCompile>
    <ClCompile Include="3036_링.cpp">
      <Filter>소스 파일\수학\GCD-LCM</Filter>
    </ClCompile>
    <ClCompile Include="3053_택시기하학.cpp">
      <Filter>소스 파일\수학\기하</Filter>
    </ClCompile>
    <ClCompile Include="3190_뱀.cpp">
      <Filter>소스 파일\시뮬레이션</Filter>
    </ClCompile>
    <ClCompile Include="3671_산업스파이.cpp">
      <Filter>소스 파일\수학\소수</Filter>
    </ClCompile>
    <ClCompile Include="4153_직각삼각형.cpp">
      <Filter>소스 파일\수학\구현</Filter>
    </ClCompile>
    <ClCompile Include="5373_큐빙.cpp">
      <Filter>소스 파일\시뮬레이션</Filter>
    </ClCompile>
    <ClCompile Include="5086_배수와약수.cpp">
      <Filter>소스 파일\수학\구현</Filter>
    </ClCompile>
    <ClCompile Include="6588_골드바흐의추측.cpp">
      <Filter>소스 파일\수학\소수</Filter>
    </ClCompile>
    <ClCompile Include="4344_평균은넘겠지.cpp">
      <Filter>소스 파일\수학\구현</Filter>
    </ClCompile>
    <ClCompile Include="4673_셀프넘버.cpp">
      <Filter>소스 파일\수학\구현</Filter>
    </ClCompile>
    <ClCompile Include="4948_베르트랑공준.cpp">
      <Filter>소스 파일\수학\구현</Filter>
    </ClCompile>
    <ClCompile Include="5052_전화번호목록.cpp">
      <Filter>소스 파일\정렬</Filter>
    </ClCompile>
    <ClCompile Include="5622_다이얼.cpp">
      <Filter>소스 파일\문자열</Filter>
    </ClCompile>
    <ClCompile Include="9020_골드바흐의추측.cpp">
      <Filter>소스 파일\수학\소수</Filter>
    </ClCompile>
    <ClCompile Include="6549_히스토그램에서가장큰직사각형.cpp">
      <Filter>소스 파일\자료구조\스택</Filter>
    </ClCompile>
    <ClCompile Include="6603_로또.cpp">
      <Filter>소스 파일\DFS</Filter>
    </ClCompile>
    <ClCompile Include="7662_이중우선순위큐.cpp">
      <Filter>소스 파일\자료구조\큐</Filter>
    </ClCompile>
    <ClCompile Include="8958_OX퀴즈.cpp">
      <Filter>소스 파일\기본</Filter>
    </ClCompile>
    <ClCompile Include="9012_괄호.cpp">
      <Filter>소스 파일\문자열</Filter>
    </ClCompile>
    <ClCompile Include="9095_1,2,3더하기.cpp">
      <Filter>소스 파일\DP</Filter>
    </ClCompile>
    <ClCompile Include="9375_패션왕신해빈.cpp">
      <Filter>소스 파일\자료구조\맵</Filter>
    </ClCompile>
    <ClCompile Include="9465_스티커.cpp">
      <Filter>소스 파일\DP</Filter>
    </ClCompile>
    <ClCompile Include="9498_시험성적.cpp">
      <Filter>소스 파일\기본</Filter>
    </ClCompile>
    <ClCompile Include="10951_A+B-4.cpp">
      <Filter>소스 파일\기본</Filter>
    </ClCompile>
    <ClCompile Include="10952_A+B-5.cpp">
      <Filter>소스 파일\기본</Filter>
    </ClCompile>
    <ClCompile Include="10950_A+B-3.cpp">
      <Filter>소스 파일\기본</Filter>
    </ClCompile>
    <ClCompile Include="11022_A+B-8.cpp">
      <Filter>소스 파일\기본</Filter>
    </ClCompile>
    <ClCompile Include="11021_A+B-7.cpp">
      <Filter>소스 파일\기본</Filter>
    </ClCompile>
    <ClCompile Include="16234_인구이동.cpp">
      <Filter>소스 파일\시뮬레이션</Filter>
    </ClCompile>
    <ClCompile Include="16235_나무제테크.cpp">
      <Filter>소스 파일\시뮬레이션</Filter>
    </ClCompile>
    <ClCompile Include="10250_ACM호텔.cpp">
      <Filter>소스 파일\수학\구현</Filter>
    </ClCompile>
    <ClCompile Include="10430_나머지.cpp">
      <Filter>소스 파일\기본</Filter>
    </ClCompile>
    <ClCompile Include="10546_배부른마라토너.cpp">
      <Filter>소스 파일\자료구조\맵</Filter>
    </ClCompile>
    <ClCompile Include="10757_큰수A+B.cpp">
      <Filter>소스 파일\수학\구현</Filter>
    </ClCompile>
    <ClCompile Include="10799_쇠막대기.cpp">
      <Filter>소스 파일\자료구조\스택</Filter>
    </ClCompile>
    <ClCompile Include="10809_알파벳찾기.cpp">
      <Filter>소스 파일\수학\구현</Filter>
    </ClCompile>
    <ClCompile Include="10817_세수.cpp">
      <Filter>소스 파일\기본</Filter>
    </ClCompile>
    <ClCompile Include="10818_최소,최대.cpp">
      <Filter>소스 파일\기본</Filter>
    </ClCompile>
    <ClCompile Include="10870_피보나치수5.cpp">
      <Filter>소스 파일\재귀호출</Filter>
    </ClCompile>
    <ClCompile Include="10826_피보나치수4.cpp">
      <Filter>소스 파일\재귀호출</Filter>
    </ClCompile>
    <ClCompile Include="10871_X보다작은수.cpp">
      <Filter>소스 파일\자료구조\큐</Filter>
    </ClCompile>
    <ClCompile Include="10942_팰린드롬.cpp">
      <Filter>소스 파일\DP</Filter>
    </ClCompile>
    <ClCompile Include="11004_K번째수.cpp">
      <Filter>소스 파일\정렬</Filter>
    </ClCompile>
    <ClCompile Include="11047_동전0.cpp">
      <Filter>소스 파일\그리디</Filter>
    </ClCompile>
    <ClCompile Include="11048_이동하기.cpp">
      <Filter>소스 파일\DP</Filter>
    </ClCompile>
    <ClCompile Include="11300_ATM.cpp">
      <Filter>소스 파일\그리디</Filter>
    </ClCompile>
    <ClCompile Include="11050_이항계수1.cpp">
      <Filter>소스 파일\수학\조합</Filter>
    </ClCompile>
    <ClCompile Include="11051_이항계수2.cpp">
      <Filter>소스 파일\수학\조합</Filter>
    </ClCompile>
    <ClCompile Include="11052_카드구매하기.cpp">
      <Filter>소스 파일\DP</Filter>
    </ClCompile>
    <ClCompile Include="11058_크리보드.cpp">
      <Filter>소스 파일\DP</Filter>
    </ClCompile>
    <ClCompile Include="11057_오르막수.cpp">
      <Filter>소스 파일\DP</Filter>
    </ClCompile>
    <ClCompile Include="13460_구슬탈출2.cpp">
      <Filter>소스 파일\DFS</Filter>
    </ClCompile>
    <ClCompile Include="11279_최대힙.cpp">
      <Filter>소스 파일\자료구조\큐</Filter>
    </ClCompile>
    <ClCompile Include="11286_절댓값힙.cpp">
      <Filter>소스 파일\자료구조\큐</Filter>
    </ClCompile>
    <ClCompile Include="11365_!밀비급일.cpp">
      <Filter>소스 파일\기본</Filter>
    </ClCompile>
    <ClCompile Include="11401_이항계수3.cpp">
      <Filter>소스 파일\수학\조합</Filter>
    </ClCompile>
    <ClCompile Include="11727_2xn타일링2.cpp">
      <Filter>소스 파일\DP</Filter>
    </ClCompile>
    <ClCompile Include="11653_소인수분해.cpp">
      <Filter>소스 파일\수학\구현</Filter>
    </ClCompile>
    <ClCompile Include="11660_구간합구하기5.cpp">
      <Filter>소스 파일\기본</Filter>
    </ClCompile>
    <ClCompile Include="11720_숫자의합.cpp">
      <Filter>소스 파일\기본</Filter>
    </ClCompile>
    <ClCompile Include="11053_가장긴증가하는부분수열.cpp">
      <Filter>소스 파일\DP\LIS</Filter>
    </ClCompile>
    <ClCompile Include="11054_가장긴바이토닉부분수열.cpp">
      <Filter>소스 파일\DP\LIS</Filter>
    </ClCompile>
    <ClCompile Include="11055_가장큰증가부분수열.cpp">
      <Filter>소스 파일\DP\LIS</Filter>
    </ClCompile>
    <ClCompile Include="11722_가장긴감소하는부분수열.cpp">
      <Filter>소스 파일\DP\LIS</Filter>
    </ClCompile>
    <ClCompile Include="11729_하노이탑순서.cpp">
      <Filter>소스 파일\자료구조\스택</Filter>
    </ClCompile>
    <ClCompile Include="12100_2048(Easy).cpp">
      <Filter>소스 파일\DFS</Filter>
    </ClCompile>
    <ClCompile Include="13301_타일장식물.cpp">
      <Filter>소스 파일\DP</Filter>
    </ClCompile>
    <ClCompile Include="13398_연속합2.cpp">
      <Filter>소스 파일\DP</Filter>
    </ClCompile>
    <ClCompile Include="13458_시험감독.cpp">
      <Filter>소스 파일\수학\구현</Filter>
    </ClCompile>
    <ClCompile Include="14391_종이조각.cpp">
      <Filter>소스 파일\DFS</Filter>
    </ClCompile>
    <ClCompile Include="14490_백대열.cpp">
      <Filter>소스 파일\기본</Filter>
    </ClCompile>
    <ClCompile Include="14499_주사위굴리기.cpp">
      <Filter>소스 파일\시뮬레이션</Filter>
    </ClCompile>
    <ClCompile Include="14500_테트로미노.cpp">
      <Filter>소스 파일\시뮬레이션</Filter>
    </ClCompile>
    <ClCompile Include="14501_퇴사.cpp">
      <Filter>소스 파일\브루트포스</Filter>
    </ClCompile>
    <ClCompile Include="14503_로봇청소기.cpp">
      <Filter>소스 파일\시뮬레이션</Filter>
    </ClCompile>
    <ClCompile Include="14888_연산자끼워넣기.cpp">
      <Filter>소스 파일\브루트포스</Filter>
    </ClCompile>
    <ClCompile Include="14889_스타트와링크.cpp">
      <Filter>소스 파일\브루트포스</Filter>
    </ClCompile>
    <ClCompile Include="14890_경사로.cpp">
      <Filter>소스 파일\시뮬레이션</Filter>
    </ClCompile>
    <ClCompile Include="14891_톱니바퀴.cpp">
      <Filter>소스 파일\시뮬레이션</Filter>
    </ClCompile>
    <ClCompile Include="15184_LetterCount.cpp">
      <Filter>소스 파일\문자열</Filter>
    </ClCompile>
    <ClCompile Include="15483_최소편집.cpp">
      <Filter>소스 파일\DP</Filter>
    </ClCompile>
    <ClCompile Include="15552_빠른A+B.cpp">
      <Filter>소스 파일\기본</Filter>
    </ClCompile>
    <ClCompile Include="15596_정수N개의합.cpp">
      <Filter>소스 파일\기본</Filter>
    </ClCompile>
    <ClCompile Include="15683_감시.cpp">
      <Filter>소스 파일\시뮬레이션</Filter>
    </ClCompile>
    <ClCompile Include="15684_사다리조작.cpp">
      <Filter>소스 파일\DFS</Filter>
    </ClCompile>
    <ClCompile Include="15685_드래곤커브.cpp">
      <Filter>소스 파일\시뮬레이션</Filter>
    </ClCompile>
    <ClCompile Include="15686_치킨배달.cpp">
      <Filter>소스 파일\브루트포스</Filter>
    </ClCompile>
    <ClCompile Include="15894_수학은체육과목입니다.cpp">
      <Filter>소스 파일\기본</Filter>
    </ClCompile>
    <ClCompile Include="17362_수학은체육과목입니다2.cpp">
      <Filter>소스 파일\기본</Filter>
    </ClCompile>
    <ClCompile Include="17294_귀여운수.cpp">
      <Filter>소스 파일\기본</Filter>
    </ClCompile>
    <ClCompile Include="13418_학교탐방하기.cpp">
      <Filter>소스 파일\그래프\MST</Filter>
    </ClCompile>
    <ClCompile Include="1647_도시분할계획.cpp">
      <Filter>소스 파일\그래프\MST</Filter>
    </ClCompile>
    <ClCompile Include="2463_비용.cpp">
      <Filter>소스 파일\그래프\MST</Filter>
    </ClCompile>
    <ClCompile Include="2406_안정적인네트워크.cpp">
      <Filter>소스 파일\그래프\MST</Filter>
    </ClCompile>
    <ClCompile Include="10423_전기가부족해.cpp">
      <Filter>소스 파일\그래프\MST</Filter>
    </ClCompile>
    <ClCompile Include="17487_타자연습.cpp">
      <Filter>소스 파일\문자열</Filter>
    </ClCompile>
    <ClCompile Include="6497_전력난.cpp">
      <Filter>소스 파일\그래프\MST</Filter>
    </ClCompile>
    <ClCompile Include="1944_복제로봇.cpp">
      <Filter>소스 파일\그래프\MST</Filter>
    </ClCompile>
    <ClCompile Include="3780_네트워크연결.cpp">
      <Filter>소스 파일\그래프\MST</Filter>
    </ClCompile>
    <ClCompile Include="11437_LCA.cpp">
      <Filter>소스 파일\그래프\LCA</Filter>
    </ClCompile>
    <ClCompile Include="15480_LCA와쿼리.cpp">
      <Filter>소스 파일\그래프\LCA</Filter>
    </ClCompile>
    <ClCompile Include="10988_팰린드롬인지확인하기.cpp">
      <Filter>소스 파일\문자열\팰린드롬</Filter>
    </ClCompile>
    <ClCompile Include="10174_팰린드롬.cpp">
      <Filter>소스 파일\문자열\팰린드롬</Filter>
    </ClCompile>
    <ClCompile Include="14444_가장긴팰린드롬부분문자열.cpp">
      <Filter>소스 파일\문자열\팰린드롬</Filter>
    </ClCompile>
    <ClCompile Include="13275_가장긴팰린드롬부분문자열.cpp">
      <Filter>소스 파일\문자열\팰린드롬</Filter>
    </ClCompile>
    <ClCompile Include="1761_정점들의거리.cpp">
      <Filter>소스 파일\자료구조\트리</Filter>
    </ClCompile>
    <ClCompile Include="1967_트리의지름.cpp">
      <Filter>소스 파일\자료구조\트리</Filter>
    </ClCompile>
    <ClCompile Include="1991_트리순회.cpp">
      <Filter>소스 파일\자료구조\트리</Filter>
    </ClCompile>
    <ClCompile Include="5639_이진검색트리.cpp">
      <Filter>소스 파일\자료구조\트리</Filter>
    </ClCompile>
    <ClCompile Include="9237_이장님초대.cpp">
      <Filter>소스 파일\자료구조\트리</Filter>
    </ClCompile>
    <ClCompile Include="10835_카드게임.cpp">
      <Filter>소스 파일\DP</Filter>
    </ClCompile>
    <ClCompile Include="3640_제독.cpp">
      <Filter>소스 파일\MCMF</Filter>
    </ClCompile>
    <ClCompile Include="4963_섬의개수.cpp">
      <Filter>소스 파일\그래프\그래프이론</Filter>
    </ClCompile>
    <ClCompile Include="template.cpp">
      <Filter>소스 파일</Filter>
    </ClCompile>
    <ClCompile Include="5214_환승.cpp">
      <Filter>소스 파일\그래프\그래프이론</Filter>
    </ClCompile>
    <ClCompile Include="1261_알고스팟.cpp">
      <Filter>소스 파일\그래프\그래프이론</Filter>
    </ClCompile>
    <ClCompile Include="2056_작업.cpp">
      <Filter>소스 파일\그래프\위상정렬</Filter>
    </ClCompile>
    <ClCompile Include="13344_국제체스대회.cpp">
      <Filter>소스 파일\그래프\위상정렬</Filter>
    </ClCompile>
    <ClCompile Include="1003_피보나치함수.cpp">
      <Filter>소스 파일\DP\피보나치수</Filter>
    </ClCompile>
    <ClCompile Include="2747_피보나치수.cpp">
      <Filter>소스 파일\DP\피보나치수</Filter>
    </ClCompile>
    <ClCompile Include="2748_피보나치수2.cpp">
      <Filter>소스 파일\DP\피보나치수</Filter>
    </ClCompile>
    <ClCompile Include="5557_1학년.cpp">
      <Filter>소스 파일\수학\조합</Filter>
    </ClCompile>
    <ClCompile Include="5568_카드놓기.cpp">
      <Filter>소스 파일\수학\조합</Filter>
    </ClCompile>
    <ClCompile Include="3933_랑그랑주의네제곱수정리.cpp">
      <Filter>소스 파일\수학\조합</Filter>
    </ClCompile>
    <ClCompile Include="5569_출근경로.cpp">
      <Filter>소스 파일\수학\조합</Filter>
    </ClCompile>
    <ClCompile Include="7344_나무막대.cpp">
      <Filter>소스 파일\수학\조합</Filter>
    </ClCompile>
    <ClCompile Include="2985_세수.cpp">
      <Filter>소스 파일\수학\조합</Filter>
    </ClCompile>
    <ClCompile Include="16483_접시안의원.cpp">
      <Filter>소스 파일\수학\조합</Filter>
    </ClCompile>
    <ClCompile Include="3046_R2.cpp">
      <Filter>소스 파일\기본</Filter>
    </ClCompile>
    <ClCompile Include="2475_검증수.cpp">
      <Filter>소스 파일\기본</Filter>
    </ClCompile>
    <ClCompile Include="2438_별찍기-1.cpp">
      <Filter>소스 파일\기본\출력</Filter>
    </ClCompile>
    <ClCompile Include="2439_별찍기-2.cpp">
      <Filter>소스 파일\기본\출력</Filter>
    </ClCompile>
    <ClCompile Include="2440_별찍기-3.cpp">
      <Filter>소스 파일\기본\출력</Filter>
    </ClCompile>
    <ClCompile Include="2441_별찍기-4.cpp">
      <Filter>소스 파일\기본\출력</Filter>
    </ClCompile>
    <ClCompile Include="2447_별찍기-10.cpp">
      <Filter>소스 파일\기본\출력</Filter>
    </ClCompile>
    <ClCompile Include="2448_별찍기-11.cpp">
      <Filter>소스 파일\기본\출력</Filter>
    </ClCompile>
    <ClCompile Include="2557_HelloWorld.cpp">
      <Filter>소스 파일\기본\출력</Filter>
    </ClCompile>
    <ClCompile Include="5338_마이크로소프트로고.cpp">
      <Filter>소스 파일\기본\출력</Filter>
    </ClCompile>
    <ClCompile Include="10171_고양이.cpp">
      <Filter>소스 파일\기본\출력</Filter>
    </ClCompile>
    <ClCompile Include="11719_그대로출력하기2.cpp">
      <Filter>소스 파일\기본\출력</Filter>
    </ClCompile>
    <ClCompile Include="17295_엔드게임스포일러.cpp">
      <Filter>소스 파일\기본\출력</Filter>
    </ClCompile>
    <ClCompile Include="11721_열개씩끊어출력하기.cpp">
      <Filter>소스 파일\기본\출력</Filter>
    </ClCompile>
    <ClCompile Include="2741_N찍기.cpp">
      <Filter>소스 파일\기본\출력</Filter>
    </ClCompile>
    <ClCompile Include="2742_기찍N.cpp">
      <Filter>소스 파일\기본\출력</Filter>
    </ClCompile>
    <ClCompile Include="15802_타노스.cpp">
      <Filter>소스 파일\기본\출력</Filter>
    </ClCompile>
    <ClCompile Include="11942_고려대는사랑입니다.cpp">
      <Filter>소스 파일\기본\출력</Filter>
    </ClCompile>
    <ClCompile Include="10699_오늘날짜.cpp">
      <Filter>소스 파일\기본\출력</Filter>
    </ClCompile>
    <ClCompile Include="9653_스타워즈로고.cpp">
      <Filter>소스 파일\기본\출력</Filter>
    </ClCompile>
    <ClCompile Include="5337_웰컴.cpp">
      <Filter>소스 파일\기본\출력</Filter>
    </ClCompile>
    <ClCompile Include="2914_저작권.cpp">
      <Filter>소스 파일\기본\출력</Filter>
    </ClCompile>
    <ClCompile Include="1550_16진수.cpp">
      <Filter>소스 파일\기본\출력</Filter>
    </ClCompile>
    <ClCompile Include="5339_콜센터.cpp">
      <Filter>소스 파일\기본\출력</Filter>
    </ClCompile>
    <ClCompile Include="11654_아스키코드.cpp">
      <Filter>소스 파일\기본\출력</Filter>
    </ClCompile>
    <ClCompile Include="9654_나부함대데이터.cpp">
      <Filter>소스 파일\기본\출력</Filter>
    </ClCompile>
    <ClCompile Include="15962_새로운시작.cpp">
      <Filter>소스 파일\기본\출력</Filter>
    </ClCompile>
    <ClCompile Include="10170_NFCWestvsNorth.cpp">
      <Filter>소스 파일\기본\출력</Filter>
    </ClCompile>
    <ClCompile Include="10926_물음표물음표느낌표.cpp">
      <Filter>소스 파일\기본\출력</Filter>
    </ClCompile>
    <ClCompile Include="2845_파티가끝나고난뒤.cpp">
      <Filter>소스 파일\기본</Filter>
    </ClCompile>
    <ClCompile Include="5554_심부름가는길.cpp">
      <Filter>소스 파일\기본</Filter>
    </ClCompile>
    <ClCompile Include="14645_와이버스부릉부릉.cpp">
      <Filter>소스 파일\기본\출력</Filter>
    </ClCompile>
    <ClCompile Include="3003_킹,퀸,룩,비숍,나이트,폰.cpp">
      <Filter>소스 파일\기본</Filter>
    </ClCompile>
    <ClCompile Include="5522_카드게임.cpp">
      <Filter>소스 파일\기본</Filter>
    </ClCompile>
    <ClCompile Include="14918_더하기.cpp">
      <Filter>소스 파일\기본</Filter>
    </ClCompile>
    <ClCompile Include="16394_홍익대학교.cpp">
      <Filter>소스 파일\기본</Filter>
    </ClCompile>
    <ClCompile Include="15733_나는누구인가.cpp">
      <Filter>소스 파일\기본\출력</Filter>
    </ClCompile>
    <ClCompile Include="15964_이상한기호.cpp">
      <Filter>소스 파일\기본</Filter>
    </ClCompile>
    <ClCompile Include="16430_제리와톰.cpp">
      <Filter>소스 파일\기본</Filter>
    </ClCompile>
    <ClCompile Include="15641_SUPERSUPER.cpp">
      <Filter>소스 파일\기본</Filter>
    </ClCompile>
    <ClCompile Include="11382_꼬마정민.cpp">
      <Filter>소스 파일\기본</Filter>
    </ClCompile>
    <ClCompile Include="15740_A+B-9.cpp">
      <Filter>소스 파일\문자열</Filter>
    </ClCompile>
    <ClCompile Include="15727_조별과제를하려는데조장이사라졌다.cpp">
      <Filter>소스 파일\기본</Filter>
    </ClCompile>
    <ClCompile Include="17256_달달함이넘쳐흘러.cpp">
      <Filter>소스 파일\기본</Filter>
    </ClCompile>
    <ClCompile Include="15439_VeraandOutfits.cpp">
      <Filter>소스 파일\기본</Filter>
    </ClCompile>
    <ClCompile Include="10949_숫자야구.cpp">
      <Filter>소스 파일\기본\출력</Filter>
    </ClCompile>
    <ClCompile Include="15890_전국대학생프로그래밍대회동아리연합여름대회2018.cpp">
      <Filter>소스 파일\기본\출력</Filter>
    </ClCompile>
    <ClCompile Include="16170_오늘의날짜는.cpp">
      <Filter>소스 파일\기본\출력</Filter>
    </ClCompile>
    <ClCompile Include="14652_나는행복합니다.cpp">
      <Filter>소스 파일\기본\출력</Filter>
    </ClCompile>
    <ClCompile Include="2338_긴자리계산.cpp">
      <Filter>소스 파일\문자열</Filter>
    </ClCompile>
    <ClCompile Include="2718_타일채우기.cpp">
      <Filter>소스 파일\DP</Filter>
    </ClCompile>
    <ClCompile Include="2098_외판원순회.cpp">
      <Filter>소스 파일\DP\비트마스크</Filter>
    </ClCompile>
    <ClCompile Include="2133_타일채우기.cpp">
      <Filter>소스 파일\DP\비트마스크</Filter>
    </ClCompile>
    <ClCompile Include="3980_선발명단.cpp">
      <Filter>소스 파일\DP\비트마스크</Filter>
    </ClCompile>
    <ClCompile Include="1102_발전소.cpp">
      <Filter>소스 파일\DP\비트마스크</Filter>
    </ClCompile>
    <ClCompile Include="10039_평균점수.cpp">
      <Filter>소스 파일\기본</Filter>
    </ClCompile>
    <ClCompile Include="10797_10부제.cpp">
      <Filter>소스 파일\기본</Filter>
    </ClCompile>
    <ClCompile Include="5543_상근날드.cpp">
      <Filter>소스 파일\기본</Filter>
    </ClCompile>
    <ClCompile Include="2525_오븐시계.cpp">
      <Filter>소스 파일\기본</Filter>
    </ClCompile>
    <ClCompile Include="2752_세수정렬.cpp">
      <Filter>소스 파일\기본</Filter>
    </ClCompile>
    <ClCompile Include="1010_다리놓기.cpp">
      <Filter>소스 파일\DP</Filter>
    </ClCompile>
    <ClCompile Include="10972_다음순열.cpp">
      <Filter>소스 파일\수학\순열</Filter>
    </ClCompile>
    <ClCompile Include="10973_이전순열.cpp">
      <Filter>소스 파일\수학\순열</Filter>
    </ClCompile>
    <ClCompile Include="10974_모든순열.cpp">
      <Filter>소스 파일\수학\순열</Filter>
    </ClCompile>
    <ClCompile Include="15649_N과M(1).cpp">
      <Filter>소스 파일\DFS</Filter>
    </ClCompile>
    <ClCompile Include="15650_N과M(2).cpp">
      <Filter>소스 파일\수학\순열</Filter>
    </ClCompile>
    <ClCompile Include="15651_N과M(3).cpp">
      <Filter>소스 파일\DFS</Filter>
    </ClCompile>
    <ClCompile Include="15652_N과M(4).cpp">
      <Filter>소스 파일\DFS</Filter>
    </ClCompile>
    <ClCompile Include="15680_연세대학교.cpp">
      <Filter>소스 파일\기본\출력</Filter>
    </ClCompile>
    <ClCompile Include="10156_과자.cpp">
      <Filter>소스 파일\기본</Filter>
    </ClCompile>
    <ClCompile Include="1212_8진수2진수.cpp">
      <Filter>소스 파일\수학\구현</Filter>
    </ClCompile>
    <ClCompile Include="2480_주사위세개.cpp">
      <Filter>소스 파일\수학\구현</Filter>
    </ClCompile>
    <ClCompile Include="15963_CASIO.cpp">
      <Filter>소스 파일\기본</Filter>
    </ClCompile>
    <ClCompile Include="11943_파일옮기기.cpp">
      <Filter>소스 파일\기본</Filter>
    </ClCompile>
    <ClCompile Include="1964_오각형,오각형,오각형….cpp">
      <Filter>소스 파일\수학\구현</Filter>
    </ClCompile>
    <ClCompile Include="5596_시험점수.cpp">
      <Filter>소스 파일\기본</Filter>
    </ClCompile>
    <ClCompile Include="10101_삼각형외우기.cpp">
      <Filter>소스 파일\기본</Filter>
    </ClCompile>
    <ClCompile Include="10707_수도요금.cpp">
      <Filter>소스 파일\수학\구현</Filter>
    </ClCompile>
    <ClCompile Include="5532_방학숙제.cpp">
      <Filter>소스 파일\기본</Filter>
    </ClCompile>
    <ClCompile Include="10162_전자레인지.cpp">
      <Filter>소스 파일\기본</Filter>
    </ClCompile>
    <ClCompile Include="2420_사파리월드.cpp">
      <Filter>소스 파일\기본</Filter>
    </ClCompile>
    <ClCompile Include="1297_TV크기.cpp">
      <Filter>소스 파일\수학\구현</Filter>
    </ClCompile>
    <ClCompile Include="11948_과목선택.cpp">
      <Filter>소스 파일\기본</Filter>
    </ClCompile>
    <ClCompile Include="10768_특별한날.cpp">
      <Filter>소스 파일\기본\출력</Filter>
    </ClCompile>
    <ClCompile Include="5575_타임카드.cpp">
      <Filter>소스 파일\기본</Filter>
    </ClCompile>
    <ClCompile Include="10179_쿠폰.cpp">
      <Filter>소스 파일\기본\출력</Filter>
    </ClCompile>
    <ClCompile Include="14924_폰노이만과파리.cpp">
      <Filter>소스 파일\수학\구현</Filter>
    </ClCompile>
    <ClCompile Include="3004_체스판조각.cpp">
      <Filter>소스 파일\기본</Filter>
    </ClCompile>
    <ClCompile Include="15873_공백없는A+B.cpp">
      <Filter>소스 파일\기본\출력</Filter>
    </ClCompile>
    <ClCompile Include="4299_AFC윔블턴.cpp">
      <Filter>소스 파일\수학\구현</Filter>
    </ClCompile>
    <ClCompile Include="16431_베시와데이지.cpp">
      <Filter>소스 파일\수학\구현</Filter>
    </ClCompile>
    <ClCompile Include="17388_와글와글숭고한.cpp">
      <Filter>소스 파일\기본</Filter>
    </ClCompile>
    <ClCompile Include="14935_FA.cpp">
      <Filter>소스 파일\수학\구현</Filter>
    </ClCompile>
    <ClCompile Include="16486_운동장한바퀴.cpp">
      <Filter>소스 파일\수학\구현</Filter>
    </ClCompile>
    <ClCompile Include="13136_DoNotTouchAnything.cpp">
      <Filter>소스 파일\수학\구현</Filter>
    </ClCompile>
    <ClCompile Include="14681_QuadrantSelection.cpp">
      <Filter>소스 파일\기본\출력</Filter>
    </ClCompile>
    <ClCompile Include="17009_WinningScore.cpp">
      <Filter>소스 파일\기본</Filter>
    </ClCompile>
    <ClCompile Include="13866_팀나누기.cpp">
      <Filter>소스 파일\기본</Filter>
    </ClCompile>
    <ClCompile Include="14470_전자레인지.cpp">
      <Filter>소스 파일\수학\구현</Filter>
    </ClCompile>
    <ClCompile Include="15921_수찬은마린보이야.cpp">
      <Filter>소스 파일\기본\출력</Filter>
    </ClCompile>
    <ClCompile Include="16204_카드뽑기.cpp">
      <Filter>소스 파일\기본</Filter>
    </ClCompile>
    <ClCompile Include="14173_SquarePasture.cpp">
      <Filter>소스 파일\기본</Filter>
    </ClCompile>
    <ClCompile Include="16199_나이계산하기.cpp">
      <Filter>소스 파일\기본</Filter>
    </ClCompile>
    <ClCompile Include="15700_타일채우기4.cpp">
      <Filter>소스 파일\기본</Filter>
    </ClCompile>
    <ClCompile Include="13985_Equality.cpp">
      <Filter>소스 파일\기본</Filter>
    </ClCompile>
    <ClCompile Include="14264_정육각형과삼각형.cpp">
      <Filter>소스 파일\수학\구현</Filter>
    </ClCompile>
    <ClCompile Include="14623_감정이입.cpp">
      <Filter>소스 파일\수학\구현</Filter>
    </ClCompile>
    <ClCompile Include="2442_별찍기-5.cpp">
      <Filter>소스 파일\기본\출력</Filter>
    </ClCompile>
    <ClCompile Include="2490_윷놀이.cpp">
      <Filter>소스 파일\기본\출력</Filter>
    </ClCompile>
    <ClCompile Include="2444_별찍기-7.cpp">
      <Filter>소스 파일\기본\출력</Filter>
    </ClCompile>
    <ClCompile Include="2163_초콜릿자르기.cpp">
      <Filter>소스 파일\수학\구현</Filter>
    </ClCompile>
    <ClCompile Include="2445_별찍기-8.cpp">
      <Filter>소스 파일\기본\출력</Filter>
    </ClCompile>
    <ClCompile Include="2446_별찍기-9.cpp">
      <Filter>소스 파일\기본\출력</Filter>
    </ClCompile>
    <ClCompile Include="1009_분산처리.cpp">
      <Filter>소스 파일\수학\구현</Filter>
    </ClCompile>
    <ClCompile Include="2522_별찍기-12.cpp">
      <Filter>소스 파일\기본\출력</Filter>
    </ClCompile>
    <ClCompile Include="5565_영수증.cpp">
      <Filter>소스 파일\기본</Filter>
    </ClCompile>
    <ClCompile Include="2953_나는요리사다.cpp">
      <Filter>소스 파일\기본</Filter>
    </ClCompile>
    <ClCompile Include="2010_플러그.cpp">
      <Filter>소스 파일\기본</Filter>
    </ClCompile>
    <ClCompile Include="10886_0notcute1cute.cpp">
      <Filter>소스 파일\기본\출력</Filter>
    </ClCompile>
    <ClCompile Include="10991_별찍기-16.cpp">
      <Filter>소스 파일\기본\출력</Filter>
    </ClCompile>
    <ClCompile Include="10992_별찍기-17.cpp">
      <Filter>소스 파일\기본\출력</Filter>
    </ClCompile>
    <ClCompile Include="10824_네수.cpp">
      <Filter>소스 파일\기본</Filter>
    </ClCompile>
    <ClCompile Include="2523_별찍기-13.cpp">
      <Filter>소스 파일\기본\출력</Filter>
    </ClCompile>
    <ClCompile Include="2875_대회or인턴.cpp">
      <Filter>소스 파일\그리디</Filter>
    </ClCompile>
    <ClCompile Include="1547_공.cpp">
      <Filter>소스 파일\수학\구현</Filter>
    </ClCompile>
    <ClCompile Include="2965_캥거루세마리.cpp">
      <Filter>소스 파일\수학\구현</Filter>
    </ClCompile>
    <ClCompile Include="2501_약수구하기.cpp">
      <Filter>소스 파일\수학\구현</Filter>
    </ClCompile>
    <ClCompile Include="10833_사과.cpp">
      <Filter>소스 파일\수학\구현</Filter>
    </ClCompile>
    <ClCompile Include="2506_점수계산.cpp">
      <Filter>소스 파일\수학\구현</Filter>
    </ClCompile>
    <ClCompile Include="5063_TGN.cpp">
      <Filter>소스 파일\기본\출력</Filter>
    </ClCompile>
    <ClCompile Include="2566_최댓값.cpp">
      <Filter>소스 파일\수학\구현</Filter>
    </ClCompile>
    <ClCompile Include="4101_크냐.cpp">
      <Filter>소스 파일\기본\출력</Filter>
    </ClCompile>
    <ClCompile Include="2556_별찍기-14.cpp">
      <Filter>소스 파일\기본\출력</Filter>
    </ClCompile>
    <ClCompile Include="10990_별찍기-15.cpp">
      <Filter>소스 파일\기본\출력</Filter>
    </ClCompile>
    <ClCompile Include="15953_상금헌터.cpp">
      <Filter>소스 파일\수학\구현</Filter>
    </ClCompile>
    <ClCompile Include="9316_HelloJudge.cpp">
      <Filter>소스 파일\기본\출력</Filter>
    </ClCompile>
    <ClCompile Include="2476_주사위게임.cpp">
      <Filter>소스 파일\기본</Filter>
    </ClCompile>
    <ClCompile Include="3034_앵그리창영.cpp">
      <Filter>소스 파일\기본\출력</Filter>
    </ClCompile>
    <ClCompile Include="3058_짝수를찾아라.cpp">
      <Filter>소스 파일\기본</Filter>
    </ClCompile>
    <ClCompile Include="9656_돌게임2.cpp">
      <Filter>소스 파일\기본\출력</Filter>
    </ClCompile>
    <ClCompile Include="4504_배수찾기.cpp">
      <Filter>소스 파일\기본\출력</Filter>
    </ClCompile>
    <ClCompile Include="2754_학점계산.cpp">
      <Filter>소스 파일\기본\출력</Filter>
    </ClCompile>
    <ClCompile Include="10984_내학점을구해줘.cpp">
      <Filter>소스 파일\기본</Filter>
    </ClCompile>
    <ClCompile Include="12790_MiniFantasyWar.cpp">
      <Filter>소스 파일\기본</Filter>
    </ClCompile>
    <ClCompile Include="10214_Baseball.cpp">
      <Filter>소스 파일\기본\출력</Filter>
    </ClCompile>
    <ClCompile Include="3460_이진수.cpp">
      <Filter>소스 파일\수학\구현</Filter>
    </ClCompile>
    <ClCompile Include="9325_얼마.cpp">
      <Filter>소스 파일\기본</Filter>
    </ClCompile>
    <ClCompile Include="10569_다면체.cpp">
      <Filter>소스 파일\기본</Filter>
    </ClCompile>
    <ClCompile Include="2355_시그마.cpp">
      <Filter>소스 파일\수학\구현</Filter>
    </ClCompile>
    <ClCompile Include="10103_주사위게임.cpp">
      <Filter>소스 파일\수학\구현</Filter>
    </ClCompile>
    <ClCompile Include="5717_상근이의친구들.cpp">
      <Filter>소스 파일\기본</Filter>
    </ClCompile>
    <ClCompile Include="2921_도미노.cpp">
      <Filter>소스 파일\수학\구현</Filter>
    </ClCompile>
    <ClCompile Include="11966_2의제곱인가.cpp">
      <Filter>소스 파일\수학\구현</Filter>
    </ClCompile>
    <ClCompile Include="5618_공약수.cpp">
      <Filter>소스 파일\수학\구현</Filter>
    </ClCompile>
    <ClCompile Include="2959_거북이.cpp">
      <Filter>소스 파일\수학\구현</Filter>
    </ClCompile>
    <ClCompile Include="5361_전투드로이드가격.cpp">
      <Filter>소스 파일\기본</Filter>
    </ClCompile>
    <ClCompile Include="9610_사분면.cpp">
      <Filter>소스 파일\기본</Filter>
    </ClCompile>
    <ClCompile Include="5354_J박스.cpp">
      <Filter>소스 파일\기본\출력</Filter>
    </ClCompile>
    <ClCompile Include="9251_LCS.cpp">
      <Filter>소스 파일\DP\LCS</Filter>
    </ClCompile>
    <ClCompile Include="11655_ROT13.cpp">
      <Filter>소스 파일\기본\출력</Filter>
    </ClCompile>
    <ClCompile Include="1032_명령프롬프트.cpp">
      <Filter>소스 파일\기본\출력</Filter>
    </ClCompile>
    <ClCompile Include="1977_완전제곱수.cpp">
      <Filter>소스 파일\수학\구현</Filter>
    </ClCompile>
    <ClCompile Include="10798_세로읽기.cpp">
      <Filter>소스 파일\기본\출력</Filter>
    </ClCompile>
    <ClCompile Include="1267_핸드폰요금.cpp">
      <Filter>소스 파일\수학\구현</Filter>
    </ClCompile>
    <ClCompile Include="14581_팬들에게둘러싸인홍준.cpp">
      <Filter>소스 파일\기본\출력</Filter>
    </ClCompile>
    <ClCompile Include="9295_주사위.cpp">
      <Filter>소스 파일\기본\출력</Filter>
    </ClCompile>
    <ClCompile Include="2783_삼각김밥.cpp">
      <Filter>소스 파일\수학\구현</Filter>
    </ClCompile>
    <ClCompile Include="8320_직사각형을만드는방법.cpp">
      <Filter>소스 파일\수학\구현</Filter>
    </ClCompile>
    <ClCompile Include="10178_할로윈의사탕.cpp">
      <Filter>소스 파일\기본\출력</Filter>
    </ClCompile>
    <ClCompile Include="11006_남욱이의닭장.cpp">
      <Filter>소스 파일\기본</Filter>
    </ClCompile>
    <ClCompile Include="2720_세탁소사장동혁.cpp">
      <Filter>소스 파일\기본</Filter>
    </ClCompile>
    <ClCompile Include="9550_아이들은사탕을좋아해.cpp">
      <Filter>소스 파일\기본</Filter>
    </ClCompile>
    <ClCompile Include="11023_더하기3.cpp">
      <Filter>소스 파일\문자열</Filter>
    </ClCompile>
    <ClCompile Include="10539_수빈이와수열.cpp">
      <Filter>소스 파일\수학\구현</Filter>
    </ClCompile>
    <ClCompile Include="6378_디지털루트.cpp">
      <Filter>소스 파일\수학\구현</Filter>
    </ClCompile>
    <ClCompile Include="1194_달이차오른다,가자.cpp">
      <Filter>소스 파일\BFS</Filter>
    </ClCompile>
    <ClCompile Include="1525_퍼즐.cpp">
      <Filter>소스 파일\BFS</Filter>
    </ClCompile>
    <ClCompile Include="1600_말이되고픈원숭이.cpp">
      <Filter>소스 파일\BFS</Filter>
    </ClCompile>
    <ClCompile Include="1726_로봇.cpp">
      <Filter>소스 파일\BFS</Filter>
    </ClCompile>
    <ClCompile Include="1938_통나무옮기기.cpp">
      <Filter>소스 파일\BFS</Filter>
    </ClCompile>
    <ClCompile Include="1963_소수경로.cpp">
      <Filter>소스 파일\BFS</Filter>
    </ClCompile>
    <ClCompile Include="2206_벽부수고이동하기.cpp">
      <Filter>소스 파일\BFS</Filter>
    </ClCompile>
    <ClCompile Include="2251_물통.cpp">
      <Filter>소스 파일\BFS</Filter>
    </ClCompile>
    <ClCompile Include="2468_안전영역.cpp">
      <Filter>소스 파일\BFS</Filter>
    </ClCompile>
    <ClCompile Include="2638_치즈.cpp">
      <Filter>소스 파일\BFS</Filter>
    </ClCompile>
    <ClCompile Include="2931_가스관.cpp">
      <Filter>소스 파일\BFS</Filter>
    </ClCompile>
    <ClCompile Include="3055_탈출.cpp">
      <Filter>소스 파일\BFS</Filter>
    </ClCompile>
    <ClCompile Include="5427_불.cpp">
      <Filter>소스 파일\BFS</Filter>
    </ClCompile>
    <ClCompile Include="6593_상범빌딩.cpp">
      <Filter>소스 파일\BFS</Filter>
    </ClCompile>
    <ClCompile Include="9019_DSLR.cpp">
      <Filter>소스 파일\BFS</Filter>
    </ClCompile>
    <ClCompile Include="9376_탈옥.cpp">
      <Filter>소스 파일\BFS</Filter>
    </ClCompile>
    <ClCompile Include="11724_연결요소의개수.cpp">
      <Filter>소스 파일\BFS</Filter>
    </ClCompile>
    <ClCompile Include="12851_숨바꼭질2.cpp">
      <Filter>소스 파일\BFS</Filter>
    </ClCompile>
    <ClCompile Include="13335_트럭.cpp">
      <Filter>소스 파일\BFS</Filter>
    </ClCompile>
    <ClCompile Include="13549_숨바꼭질3.cpp">
      <Filter>소스 파일\BFS</Filter>
    </ClCompile>
    <ClCompile Include="13913_숨바꼭질4.cpp">
      <Filter>소스 파일\BFS</Filter>
    </ClCompile>
    <ClCompile Include="14226_이모티콘.cpp">
      <Filter>소스 파일\BFS</Filter>
    </ClCompile>
    <ClCompile Include="14502_연구소.cpp">
      <Filter>소스 파일\BFS</Filter>
    </ClCompile>
    <ClCompile Include="16236_아기상어.cpp">
      <Filter>소스 파일\BFS</Filter>
    </ClCompile>
    <ClCompile Include="4388_받아올림.cpp">
      <Filter>소스 파일\수학\구현</Filter>
    </ClCompile>
    <ClCompile Include="1259_팰린드롬수.cpp">
      <Filter>소스 파일\문자열\팰린드롬</Filter>
    </ClCompile>
    <ClCompile Include="10816_숫자카드2.cpp">
      <Filter>소스 파일\이분탐색</Filter>
    </ClCompile>
    <ClCompile Include="15829_Hashing.cpp">
      <Filter>소스 파일\수학\구현</Filter>
    </ClCompile>
    <ClCompile Include="1654_랜선자르기.cpp">
      <Filter>소스 파일\이분탐색</Filter>
    </ClCompile>
    <ClCompile Include="2805_나무자르기.cpp">
      <Filter>소스 파일\이분탐색</Filter>
    </ClCompile>
    <ClCompile Include="2530_인공지능시계.cpp">
      <Filter>소스 파일\수학\구현</Filter>
    </ClCompile>
    <ClCompile Include="5893_17배.cpp">
      <Filter>소스 파일\수학\구현</Filter>
    </ClCompile>
    <ClCompile Include="15726_이칙연산.cpp">
      <Filter>소스 파일\기본</Filter>
    </ClCompile>
    <ClCompile Include="2443_별찍기-6.cpp">
      <Filter>소스 파일\기본\출력</Filter>
    </ClCompile>
    <ClCompile Include="9085_더하기.cpp">
      <Filter>소스 파일\기본</Filter>
    </ClCompile>
    <ClCompile Include="16673_고려대학교에는공식와인이있다.cpp">
      <Filter>소스 파일\기본</Filter>
    </ClCompile>
    <ClCompile Include="2863_이게분수.cpp">
      <Filter>소스 파일\수학\구현</Filter>
    </ClCompile>
    <ClCompile Include="18111_마인크래프트.cpp">
      <Filter>소스 파일\브루트포스</Filter>
    </ClCompile>
    <ClCompile Include="7785_회사에있는사람.cpp">
      <Filter>소스 파일\자료구조\셋</Filter>
    </ClCompile>
    <ClCompile Include="1620_나는야포켓몬마스터이다솜.cpp">
      <Filter>소스 파일\자료구조\맵</Filter>
    </ClCompile>
    <ClCompile Include="10815_숫자카드.cpp">
      <Filter>소스 파일\이분탐색</Filter>
    </ClCompile>
    <ClCompile Include="18258_큐2.cpp">
      <Filter>소스 파일\자료구조\큐</Filter>
    </ClCompile>
    <ClCompile Include="2512_예산.cpp">
      <Filter>소스 파일\이분탐색</Filter>
    </ClCompile>
    <ClCompile Include="2110_공유기설치.cpp">
      <Filter>소스 파일\이분탐색</Filter>
    </ClCompile>
    <ClCompile Include="1764_듣보잡.cpp">
      <Filter>소스 파일\자료구조\맵</Filter>
    </ClCompile>
    <ClCompile Include="18870_좌표압축.cpp">
      <Filter>소스 파일\정렬</Filter>
    </ClCompile>
    <ClCompile Include="7576_토마토.cpp">
      <Filter>소스 파일\BFS</Filter>
    </ClCompile>
    <ClCompile Include="2606_바이러스.cpp">
      <Filter>소스 파일\BFS</Filter>
    </ClCompile>
    <ClCompile Include="1260_DFS와BFS.cpp">
      <Filter>소스 파일\DFS</Filter>
    </ClCompile>
    <ClCompile Include="1504_특정한최단경로.cpp">
      <Filter>소스 파일\그래프\최단경로\다익스트라</Filter>
    </ClCompile>
    <ClCompile Include="1507_궁금한민호.cpp">
      <Filter>소스 파일\그래프\최단경로\플로이드워셜</Filter>
    </ClCompile>
    <ClCompile Include="1602_도망자원숭이.cpp">
      <Filter>소스 파일\그래프\최단경로\플로이드워셜</Filter>
    </ClCompile>
    <ClCompile Include="1753_최단경로.cpp">
      <Filter>소스 파일\그래프\최단경로\다익스트라</Filter>
    </ClCompile>
    <ClCompile Include="1854_K번째최단경로찾기.cpp">
      <Filter>소스 파일\그래프\최단경로\다익스트라</Filter>
    </ClCompile>
    <ClCompile Include="1865_웜홀.cpp">
      <Filter>소스 파일\그래프\최단경로\벨만-포드</Filter>
    </ClCompile>
    <ClCompile Include="1738_골목길.cpp">
      <Filter>소스 파일\그래프\최단경로\벨만-포드</Filter>
    </ClCompile>
    <ClCompile Include="16118_달빛여우.cpp">
      <Filter>소스 파일\그래프\최단경로\다익스트라</Filter>
    </ClCompile>
    <ClCompile Include="11404_플로이드.cpp">
      <Filter>소스 파일\그래프\최단경로\플로이드워셜</Filter>
    </ClCompile>
    <ClCompile Include="11657_타임머신.cpp">
      <Filter>소스 파일\그래프\최단경로\벨만-포드</Filter>
    </ClCompile>
    <ClCompile Include="1916_최소비용구하기.cpp">
      <Filter>소스 파일\그래프\최단경로\다익스트라</Filter>
    </ClCompile>
    <ClCompile Include="1956_운동.cpp">
      <Filter>소스 파일\그래프\최단경로\플로이드워셜</Filter>
    </ClCompile>
    <ClCompile Include="2211_네트워크복구.cpp">
      <Filter>소스 파일\그래프\최단경로\다익스트라</Filter>
    </ClCompile>
    <ClCompile Include="2610_회의준비.cpp">
      <Filter>소스 파일\그래프\최단경로\플로이드워셜</Filter>
    </ClCompile>
    <ClCompile Include="2917_늑대사냥꾼.cpp">
      <Filter>소스 파일\그래프\최단경로\다익스트라</Filter>
    </ClCompile>
    <ClCompile Include="3860_할로윈묘지.cpp">
      <Filter>소스 파일\그래프\최단경로\벨만-포드</Filter>
    </ClCompile>
    <ClCompile Include="4485_녹색옷입은애가젤다지.cpp">
      <Filter>소스 파일\그래프\최단경로\다익스트라</Filter>
    </ClCompile>
    <ClCompile Include="5719_거의최단경로.cpp">
      <Filter>소스 파일\그래프\최단경로\다익스트라</Filter>
    </ClCompile>
    <ClCompile Include="6118_숨바꼭질.cpp">
      <Filter>소스 파일\그래프\최단경로\다익스트라</Filter>
    </ClCompile>
    <ClCompile Include="9370_미확인도착지.cpp">
      <Filter>소스 파일\그래프\최단경로\다익스트라</Filter>
    </ClCompile>
    <ClCompile Include="10217_KCMTravel.cpp">
      <Filter>소스 파일\그래프\최단경로\다익스트라</Filter>
    </ClCompile>
    <ClCompile Include="10282_해킹.cpp">
      <Filter>소스 파일\그래프\최단경로\다익스트라</Filter>
    </ClCompile>
    <ClCompile Include="10715_JOI공원.cpp">
      <Filter>소스 파일\그래프\최단경로\다익스트라</Filter>
    </ClCompile>
    <ClCompile Include="11779_최소비용구하기2.cpp">
      <Filter>소스 파일\그래프\최단경로\다익스트라</Filter>
    </ClCompile>
    <ClCompile Include="10026_적록색약.cpp">
      <Filter>소스 파일\BFS</Filter>
    </ClCompile>
    <ClCompile Include="1012_유기농배추.cpp">
      <Filter>소스 파일\DFS</Filter>
    </ClCompile>
    <ClCompile Include="11403_경로찾기.cpp">
      <Filter>소스 파일\DFS</Filter>
    </ClCompile>
    <ClCompile Include="9205_맥주마시면서걸어가기.cpp">
      <Filter>소스 파일\DFS</Filter>
    </ClCompile>
  </ItemGroup>
  <ItemGroup>
    <None Include="1002_터렛.java">
      <Filter>소스 파일\수학\기하</Filter>
    </None>
    <None Include="1182_부분집합의합.java">
      <Filter>소스 파일\브루트포스</Filter>
    </None>
    <None Include="1248_맞춰봐.java">
      <Filter>소스 파일\DFS</Filter>
    </None>
    <None Include="1748_수이어쓰기1.java">
      <Filter>소스 파일\브루트포스</Filter>
    </None>
    <None Include="1339_단어수학.java">
      <Filter>소스 파일\수학\구현</Filter>
    </None>
    <None Include="1476_날짜계산.java">
      <Filter>소스 파일\수학\구현</Filter>
    </None>
    <None Include="6064_카잉달력.java">
      <Filter>소스 파일\수학\구현</Filter>
    </None>
    <None Include="8393_합.java">
      <Filter>소스 파일\기본</Filter>
    </None>
    <None Include="9663_N-Queen.java">
      <Filter>소스 파일\DFS</Filter>
    </None>
    <None Include="10819_차이를최대로.java">
      <Filter>소스 파일\수학\구현</Filter>
    </None>
    <None Include="10869_사칙연산.java">
      <Filter>소스 파일\기본</Filter>
    </None>
    <None Include="10872_팩토리얼.java">
      <Filter>소스 파일\기본</Filter>
    </None>
    <None Include="10971_외판원순회2.java">
      <Filter>소스 파일\DP</Filter>
    </None>
    <None Include="10998_AxB.java">
      <Filter>소스 파일\기본</Filter>
    </None>
    <None Include="11726_2xn타일링.java">
      <Filter>소스 파일\DP</Filter>
    </None>
    <None Include="11723_집합.java">
      <Filter>소스 파일\문자열</Filter>
    </None>
    <None Include="10172_개.java">
      <Filter>소스 파일\기본\출력</Filter>
    </None>
    <None Include="11718_그대로출력하기.java">
      <Filter>소스 파일\기본\출력</Filter>
    </None>
    <None Include="7287_등록.java">
      <Filter>소스 파일\기본\출력</Filter>
    </None>
    <None Include="10718_Welovekriii.java">
      <Filter>소스 파일\기본\출력</Filter>
    </None>
    <None Include="13277_큰수곱셈.py">
      <Filter>소스 파일\기본</Filter>
    </None>
    <None Include="1271_엄청난부자.py">
      <Filter>소스 파일\기본</Filter>
    </None>
    <None Include="11283_한글2.py">
      <Filter>소스 파일\기본\출력</Filter>
    </None>
    <None Include="11282_한글.py">
      <Filter>소스 파일\기본\출력</Filter>
    </None>
    <None Include="2935_소음.py">
      <Filter>소스 파일\기본</Filter>
    </None>
    <None Include="1697_숨바꼭질.java">
      <Filter>소스 파일\BFS</Filter>
    </None>
    <None Include="16428_A나누기B-3.py">
      <Filter>소스 파일\기본</Filter>
    </None>
  </ItemGroup>
  <ItemGroup>
    <Text Include="input.txt">
      <Filter>소스 파일</Filter>
    </Text>
    <Text Include="input2.txt">
      <Filter>소스 파일</Filter>
    </Text>
  </ItemGroup>
</Project>