<?xml version="1.0" encoding="utf-8"?>
<Project ToolsVersion="4.0" xmlns="http://schemas.microsoft.com/developer/msbuild/2003">
  <ItemGroup>
    <Filter Include="소스 파일">
      <UniqueIdentifier>{4FC737F1-C7A5-4376-A066-2A32D752A2FF}</UniqueIdentifier>
      <Extensions>cpp;c;cc;cxx;def;odl;idl;hpj;bat;asm;asmx</Extensions>
    </Filter>
    <Filter Include="헤더 파일">
      <UniqueIdentifier>{93995380-89BD-4b04-88EB-625FBE52EBFB}</UniqueIdentifier>
      <Extensions>h;hh;hpp;hxx;hm;inl;inc;ipp;xsd</Extensions>
    </Filter>
    <Filter Include="리소스 파일">
      <UniqueIdentifier>{67DA6AB6-F800-4c08-8B7A-83BB121AAD01}</UniqueIdentifier>
      <Extensions>rc;ico;cur;bmp;dlg;rc2;rct;bin;rgs;gif;jpg;jpeg;jpe;resx;tiff;tif;png;wav;mfcribbon-ms</Extensions>
    </Filter>
  </ItemGroup>
  <ItemGroup>
    <None Include="1000_A+B.java">
      <Filter>소스 파일</Filter>
    </None>
    <None Include="1001_A-B.java">
      <Filter>소스 파일</Filter>
    </None>
    <None Include="1002_터렛.java">
      <Filter>소스 파일</Filter>
    </None>
    <None Include="1003_피보나치함수.java">
      <Filter>소스 파일</Filter>
    </None>
    <None Include="1008_A나누기B.java">
      <Filter>소스 파일</Filter>
    </None>
    <None Include="1182_부분집합의합.java">
      <Filter>소스 파일</Filter>
    </None>
    <None Include="1248_맞춰봐.java">
      <Filter>소스 파일</Filter>
    </None>
    <None Include="1339_단어수학.java">
      <Filter>소스 파일</Filter>
    </None>
    <None Include="1476_날짜계산.java">
      <Filter>소스 파일</Filter>
    </None>
    <None Include="1676_팩토리얼0의개수.java">
      <Filter>소스 파일</Filter>
    </None>
    <None Include="1697_숨바꼭질.java">
      <Filter>소스 파일</Filter>
    </None>
    <None Include="1748_수이어쓰기1.java">
      <Filter>소스 파일</Filter>
    </None>
    <None Include="1912_연속합.java">
      <Filter>소스 파일</Filter>
    </None>
    <None Include="2108_통계학.java">
      <Filter>소스 파일</Filter>
    </None>
    <None Include="2309_일곱난쟁이.java">
      <Filter>소스 파일</Filter>
    </None>
    <None Include="2438_별찍기-1.java">
      <Filter>소스 파일</Filter>
    </None>
    <None Include="6064_카잉달력.java">
      <Filter>소스 파일</Filter>
    </None>
    <None Include="7287_등록.java">
      <Filter>소스 파일</Filter>
    </None>
    <None Include="8393_합.java">
      <Filter>소스 파일</Filter>
    </None>
  </ItemGroup>
  <ItemGroup>
    <ClCompile Include="1065_한수.cpp">
      <Filter>소스 파일</Filter>
    </ClCompile>
    <ClCompile Include="1110_더하기사이클.cpp">
      <Filter>소스 파일</Filter>
    </ClCompile>
    <ClCompile Include="1149_RGB거리.cpp">
      <Filter>소스 파일</Filter>
    </ClCompile>
    <ClCompile Include="1152_단어의개수.cpp">
      <Filter>소스 파일</Filter>
    </ClCompile>
    <ClCompile Include="1261_알고스팟.cpp">
      <Filter>소스 파일</Filter>
    </ClCompile>
    <ClCompile Include="1463_1로만들기.cpp">
      <Filter>소스 파일</Filter>
    </ClCompile>
    <ClCompile Include="1525_퍼즐.cpp">
      <Filter>소스 파일</Filter>
    </ClCompile>
    <ClCompile Include="1699_제곱수의합.cpp">
      <Filter>소스 파일</Filter>
    </ClCompile>
    <ClCompile Include="1759_암호만들기.cpp">
      <Filter>소스 파일</Filter>
    </ClCompile>
    <ClCompile Include="1890_점프.cpp">
      <Filter>소스 파일</Filter>
    </ClCompile>
    <ClCompile Include="1929_소수만들기.cpp">
      <Filter>소스 파일</Filter>
    </ClCompile>
    <ClCompile Include="1979_소수찾기.cpp">
      <Filter>소스 파일</Filter>
    </ClCompile>
    <ClCompile Include="1987_알파벳.cpp">
      <Filter>소스 파일</Filter>
    </ClCompile>
    <ClCompile Include="2133_타일채우기.cpp">
      <Filter>소스 파일</Filter>
    </ClCompile>
    <ClCompile Include="2156_포도주시식.cpp">
      <Filter>소스 파일</Filter>
    </ClCompile>
    <ClCompile Include="2193_이친수.cpp">
      <Filter>소스 파일</Filter>
    </ClCompile>
    <ClCompile Include="2206_벽부수고이동하기.cpp">
      <Filter>소스 파일</Filter>
    </ClCompile>
    <ClCompile Include="2225_합분해.cpp">
      <Filter>소스 파일</Filter>
    </ClCompile>
    <ClCompile Include="2251_물통.cpp">
      <Filter>소스 파일</Filter>
    </ClCompile>
    <ClCompile Include="2529_부등호.cpp">
      <Filter>소스 파일</Filter>
    </ClCompile>
    <ClCompile Include="2557_HelloWorld.cpp">
      <Filter>소스 파일</Filter>
    </ClCompile>
    <ClCompile Include="2558_A-B-2.cpp">
      <Filter>소스 파일</Filter>
    </ClCompile>
    <ClCompile Include="2579_계단오르기.cpp">
      <Filter>소스 파일</Filter>
    </ClCompile>
    <ClCompile Include="2741_N찍기.cpp">
      <Filter>소스 파일</Filter>
    </ClCompile>
    <ClCompile Include="3055_탈출.cpp">
      <Filter>소스 파일</Filter>
    </ClCompile>
    <ClCompile Include="6603_로또.cpp">
      <Filter>소스 파일</Filter>
    </ClCompile>
    <ClCompile Include="9019_DSLR.cpp">
      <Filter>소스 파일</Filter>
    </ClCompile>
    <ClCompile Include="9095_1,2,3더하기.cpp">
      <Filter>소스 파일</Filter>
    </ClCompile>
  </ItemGroup>
</Project>