<?xml version="1.0" encoding="utf-8"?>
<Project ToolsVersion="4.0" xmlns="http://schemas.microsoft.com/developer/msbuild/2003">
  <ItemGroup>
    <Filter Include="소스 파일">
      <UniqueIdentifier>{4FC737F1-C7A5-4376-A066-2A32D752A2FF}</UniqueIdentifier>
      <Extensions>cpp;c;cc;cxx;def;odl;idl;hpj;bat;asm;asmx</Extensions>
    </Filter>
    <Filter Include="헤더 파일">
      <UniqueIdentifier>{93995380-89BD-4b04-88EB-625FBE52EBFB}</UniqueIdentifier>
      <Extensions>h;hh;hpp;hxx;hm;inl;inc;ipp;xsd</Extensions>
    </Filter>
    <Filter Include="리소스 파일">
      <UniqueIdentifier>{67DA6AB6-F800-4c08-8B7A-83BB121AAD01}</UniqueIdentifier>
      <Extensions>rc;ico;cur;bmp;dlg;rc2;rct;bin;rgs;gif;jpg;jpeg;jpe;resx;tiff;tif;png;wav;mfcribbon-ms</Extensions>
    </Filter>
  </ItemGroup>
  <ItemGroup>
    <None Include="1002_터렛.java">
      <Filter>소스 파일</Filter>
    </None>
    <None Include="1182_부분집합의합.java">
      <Filter>소스 파일</Filter>
    </None>
    <None Include="1248_맞춰봐.java">
      <Filter>소스 파일</Filter>
    </None>
    <None Include="1339_단어수학.java">
      <Filter>소스 파일</Filter>
    </None>
    <None Include="1697_숨바꼭질.java">
      <Filter>소스 파일</Filter>
    </None>
    <None Include="1748_수이어쓰기1.java">
      <Filter>소스 파일</Filter>
    </None>
    <None Include="1912_연속합.java">
      <Filter>소스 파일</Filter>
    </None>
    <None Include="2108_통계학.java">
      <Filter>소스 파일</Filter>
    </None>
    <None Include="6064_카잉달력.java">
      <Filter>소스 파일</Filter>
    </None>
    <None Include="7287_등록.java">
      <Filter>소스 파일</Filter>
    </None>
    <None Include="8393_합.java">
      <Filter>소스 파일</Filter>
    </None>
    <None Include="9663_N-Queen.java">
      <Filter>소스 파일</Filter>
    </None>
    <None Include="10172_개.java">
      <Filter>소스 파일</Filter>
    </None>
    <None Include="10718_Welovekriii.java">
      <Filter>소스 파일</Filter>
    </None>
    <None Include="10819_차이를최대로.java">
      <Filter>소스 파일</Filter>
    </None>
    <None Include="10869_사칙연산.java">
      <Filter>소스 파일</Filter>
    </None>
    <None Include="10872_팩토리얼.java">
      <Filter>소스 파일</Filter>
    </None>
    <None Include="10971_외판원순회2.java">
      <Filter>소스 파일</Filter>
    </None>
    <None Include="10998_AxB.java">
      <Filter>소스 파일</Filter>
    </None>
    <None Include="11718_그대로출력하기.java">
      <Filter>소스 파일</Filter>
    </None>
    <None Include="11723_집합.java">
      <Filter>소스 파일</Filter>
    </None>
    <None Include="11726_2xn타일링.java">
      <Filter>소스 파일</Filter>
    </None>
    <None Include="1000_A+B.cpp">
      <Filter>소스 파일</Filter>
    </None>
    <None Include="1001_A-B.cpp">
      <Filter>소스 파일</Filter>
    </None>
    <None Include="1676_팩토리얼0의개수.cpp">
      <Filter>소스 파일</Filter>
    </None>
    <None Include="2438_별찍기-1.cpp">
      <Filter>소스 파일</Filter>
    </None>
    <None Include="1476_날짜계산.java">
      <Filter>소스 파일</Filter>
    </None>
  </ItemGroup>
  <ItemGroup>
    <ClCompile Include="1065_한수.cpp">
      <Filter>소스 파일</Filter>
    </ClCompile>
    <ClCompile Include="1110_더하기사이클.cpp">
      <Filter>소스 파일</Filter>
    </ClCompile>
    <ClCompile Include="1149_RGB거리.cpp">
      <Filter>소스 파일</Filter>
    </ClCompile>
    <ClCompile Include="1152_단어의개수.cpp">
      <Filter>소스 파일</Filter>
    </ClCompile>
    <ClCompile Include="1261_알고스팟.cpp">
      <Filter>소스 파일</Filter>
    </ClCompile>
    <ClCompile Include="1463_1로만들기.cpp">
      <Filter>소스 파일</Filter>
    </ClCompile>
    <ClCompile Include="1525_퍼즐.cpp">
      <Filter>소스 파일</Filter>
    </ClCompile>
    <ClCompile Include="1699_제곱수의합.cpp">
      <Filter>소스 파일</Filter>
    </ClCompile>
    <ClCompile Include="1759_암호만들기.cpp">
      <Filter>소스 파일</Filter>
    </ClCompile>
    <ClCompile Include="1890_점프.cpp">
      <Filter>소스 파일</Filter>
    </ClCompile>
    <ClCompile Include="1929_소수만들기.cpp">
      <Filter>소스 파일</Filter>
    </ClCompile>
    <ClCompile Include="1979_소수찾기.cpp">
      <Filter>소스 파일</Filter>
    </ClCompile>
    <ClCompile Include="1987_알파벳.cpp">
      <Filter>소스 파일</Filter>
    </ClCompile>
    <ClCompile Include="2133_타일채우기.cpp">
      <Filter>소스 파일</Filter>
    </ClCompile>
    <ClCompile Include="2156_포도주시식.cpp">
      <Filter>소스 파일</Filter>
    </ClCompile>
    <ClCompile Include="2193_이친수.cpp">
      <Filter>소스 파일</Filter>
    </ClCompile>
    <ClCompile Include="2206_벽부수고이동하기.cpp">
      <Filter>소스 파일</Filter>
    </ClCompile>
    <ClCompile Include="2225_합분해.cpp">
      <Filter>소스 파일</Filter>
    </ClCompile>
    <ClCompile Include="2251_물통.cpp">
      <Filter>소스 파일</Filter>
    </ClCompile>
    <ClCompile Include="2439_별찍기-2.cpp">
      <Filter>소스 파일</Filter>
    </ClCompile>
    <ClCompile Include="2440_별찍기-3.cpp">
      <Filter>소스 파일</Filter>
    </ClCompile>
    <ClCompile Include="2441_별찍기-4.cpp">
      <Filter>소스 파일</Filter>
    </ClCompile>
    <ClCompile Include="2529_부등호.cpp">
      <Filter>소스 파일</Filter>
    </ClCompile>
    <ClCompile Include="2557_HelloWorld.cpp">
      <Filter>소스 파일</Filter>
    </ClCompile>
    <ClCompile Include="2558_A-B-2.cpp">
      <Filter>소스 파일</Filter>
    </ClCompile>
    <ClCompile Include="2579_계단오르기.cpp">
      <Filter>소스 파일</Filter>
    </ClCompile>
    <ClCompile Include="2741_N찍기.cpp">
      <Filter>소스 파일</Filter>
    </ClCompile>
    <ClCompile Include="3055_탈출.cpp">
      <Filter>소스 파일</Filter>
    </ClCompile>
    <ClCompile Include="6603_로또.cpp">
      <Filter>소스 파일</Filter>
    </ClCompile>
    <ClCompile Include="9019_DSLR.cpp">
      <Filter>소스 파일</Filter>
    </ClCompile>
    <ClCompile Include="9095_1,2,3더하기.cpp">
      <Filter>소스 파일</Filter>
    </ClCompile>
    <ClCompile Include="9465_스티커.cpp">
      <Filter>소스 파일</Filter>
    </ClCompile>
    <ClCompile Include="10844_쉬운계단수.cpp">
      <Filter>소스 파일</Filter>
    </ClCompile>
    <ClCompile Include="10871_X보다작은수.cpp">
      <Filter>소스 파일</Filter>
    </ClCompile>
    <ClCompile Include="10972_다음순열.cpp">
      <Filter>소스 파일</Filter>
    </ClCompile>
    <ClCompile Include="10973_이전순열.cpp">
      <Filter>소스 파일</Filter>
    </ClCompile>
    <ClCompile Include="10974_모든순열.cpp">
      <Filter>소스 파일</Filter>
    </ClCompile>
    <ClCompile Include="11048_이동하기.cpp">
      <Filter>소스 파일</Filter>
    </ClCompile>
    <ClCompile Include="11052_카드구매하기.cpp">
      <Filter>소스 파일</Filter>
    </ClCompile>
    <ClCompile Include="11053_가장긴증가하는부분수열.cpp">
      <Filter>소스 파일</Filter>
    </ClCompile>
    <ClCompile Include="11057_오르막수.cpp">
      <Filter>소스 파일</Filter>
    </ClCompile>
    <ClCompile Include="11719_그대로출력하기2.cpp">
      <Filter>소스 파일</Filter>
    </ClCompile>
    <ClCompile Include="11720_숫자의합.cpp">
      <Filter>소스 파일</Filter>
    </ClCompile>
    <ClCompile Include="11721_열개씩끊어출력하기.cpp">
      <Filter>소스 파일</Filter>
    </ClCompile>
    <ClCompile Include="12851_숨바꼭질2.cpp">
      <Filter>소스 파일</Filter>
    </ClCompile>
    <ClCompile Include="13458_시험감독.cpp">
      <Filter>소스 파일</Filter>
    </ClCompile>
    <ClCompile Include="13549_숨바꼭질3.cpp">
      <Filter>소스 파일</Filter>
    </ClCompile>
    <ClCompile Include="13913_숨바꼭질4.cpp">
      <Filter>소스 파일</Filter>
    </ClCompile>
    <ClCompile Include="14226_이모티콘.cpp">
      <Filter>소스 파일</Filter>
    </ClCompile>
    <ClCompile Include="14499_주사위굴리기.cpp">
      <Filter>소스 파일</Filter>
    </ClCompile>
    <ClCompile Include="14501_퇴사.cpp">
      <Filter>소스 파일</Filter>
    </ClCompile>
    <ClCompile Include="14502_연구소.cpp">
      <Filter>소스 파일</Filter>
    </ClCompile>
    <ClCompile Include="14503_로봇청소기.cpp">
      <Filter>소스 파일</Filter>
    </ClCompile>
    <ClCompile Include="11727_2xn타일링2.cpp">
      <Filter>소스 파일</Filter>
    </ClCompile>
    <ClCompile Include="10430_나머지.cpp">
      <Filter>소스 파일</Filter>
    </ClCompile>
    <ClCompile Include="2739_구구단.cpp">
      <Filter>소스 파일</Filter>
    </ClCompile>
    <ClCompile Include="10950_A+B-3.cpp">
      <Filter>소스 파일</Filter>
    </ClCompile>
    <ClCompile Include="15552_빠른A+B.cpp">
      <Filter>소스 파일</Filter>
    </ClCompile>
    <ClCompile Include="10952_A+B-5.cpp">
      <Filter>소스 파일</Filter>
    </ClCompile>
    <ClCompile Include="9498_시험성적.cpp">
      <Filter>소스 파일</Filter>
    </ClCompile>
    <ClCompile Include="10817_세수.cpp">
      <Filter>소스 파일</Filter>
    </ClCompile>
    <ClCompile Include="2839_설탕배달.cpp">
      <Filter>소스 파일</Filter>
    </ClCompile>
    <ClCompile Include="1924_2007년.cpp">
      <Filter>소스 파일</Filter>
    </ClCompile>
    <ClCompile Include="1546_평균.cpp">
      <Filter>소스 파일</Filter>
    </ClCompile>
    <ClCompile Include="4344_평균은넘겠지.cpp">
      <Filter>소스 파일</Filter>
    </ClCompile>
    <ClCompile Include="11654_아스키코드.cpp">
      <Filter>소스 파일</Filter>
    </ClCompile>
    <ClCompile Include="10809_알파벳찾기.cpp">
      <Filter>소스 파일</Filter>
    </ClCompile>
    <ClCompile Include="2675_문자열반복.cpp">
      <Filter>소스 파일</Filter>
    </ClCompile>
    <ClCompile Include="11365_!밀비급일.cpp">
      <Filter>소스 파일</Filter>
    </ClCompile>
    <ClCompile Include="2902_KMP는왜KMP일까.cpp">
      <Filter>소스 파일</Filter>
    </ClCompile>
    <ClCompile Include="2941_크로아티아알파벳.cpp">
      <Filter>소스 파일</Filter>
    </ClCompile>
    <ClCompile Include="1018_체스판다시칠하기.cpp">
      <Filter>소스 파일</Filter>
    </ClCompile>
    <ClCompile Include="1107_리모컨.cpp">
      <Filter>소스 파일</Filter>
    </ClCompile>
    <ClCompile Include="14391_종이조각.cpp">
      <Filter>소스 파일</Filter>
    </ClCompile>
    <ClCompile Include="1062_가르침.cpp">
      <Filter>소스 파일</Filter>
    </ClCompile>
    <ClCompile Include="13460_구슬탈출2.cpp">
      <Filter>소스 파일</Filter>
    </ClCompile>
    <ClCompile Include="1436_영화감독숌.cpp">
      <Filter>소스 파일</Filter>
    </ClCompile>
    <ClCompile Include="11729_하노이탑순서.cpp">
      <Filter>소스 파일</Filter>
    </ClCompile>
    <ClCompile Include="12100_2048(Easy).cpp">
      <Filter>소스 파일</Filter>
    </ClCompile>
    <ClCompile Include="1074_Z.cpp">
      <Filter>소스 파일</Filter>
    </ClCompile>
    <ClCompile Include="15685_드래곤커브.cpp">
      <Filter>소스 파일</Filter>
    </ClCompile>
    <ClCompile Include="15686_치킨배달.cpp">
      <Filter>소스 파일</Filter>
    </ClCompile>
    <ClCompile Include="15683_감시.cpp">
      <Filter>소스 파일</Filter>
    </ClCompile>
    <ClCompile Include="3190_뱀.cpp">
      <Filter>소스 파일</Filter>
    </ClCompile>
    <ClCompile Include="2750_수정렬하기.cpp">
      <Filter>소스 파일</Filter>
    </ClCompile>
    <ClCompile Include="2751_수정렬하기2.cpp">
      <Filter>소스 파일</Filter>
    </ClCompile>
    <ClCompile Include="10989_수정렬하기3.cpp">
      <Filter>소스 파일</Filter>
    </ClCompile>
    <ClCompile Include="10828_스택.cpp">
      <Filter>소스 파일</Filter>
    </ClCompile>
    <ClCompile Include="10845_큐.cpp">
      <Filter>소스 파일</Filter>
    </ClCompile>
    <ClCompile Include="9012_괄호.cpp">
      <Filter>소스 파일</Filter>
    </ClCompile>
    <ClCompile Include="14890_경사로.cpp">
      <Filter>소스 파일</Filter>
    </ClCompile>
    <ClCompile Include="14891_톱니바퀴.cpp">
      <Filter>소스 파일</Filter>
    </ClCompile>
    <ClCompile Include="11650_좌표정렬하기.cpp">
      <Filter>소스 파일</Filter>
    </ClCompile>
    <ClCompile Include="10757_큰수A+B.cpp">
      <Filter>소스 파일</Filter>
    </ClCompile>
    <ClCompile Include="5373_큐빙.cpp">
      <Filter>소스 파일</Filter>
    </ClCompile>
    <ClCompile Include="16234_인구이동.cpp">
      <Filter>소스 파일</Filter>
    </ClCompile>
    <ClCompile Include="16235_나무제테크.cpp">
      <Filter>소스 파일</Filter>
    </ClCompile>
    <ClCompile Include="16236_아기상어.cpp">
      <Filter>소스 파일</Filter>
    </ClCompile>
    <ClCompile Include="15684_사다리조작.cpp">
      <Filter>소스 파일</Filter>
    </ClCompile>
    <ClCompile Include="3671_산업스파이.cpp">
      <Filter>소스 파일</Filter>
    </ClCompile>
    <ClCompile Include="2503_숫자야구.cpp">
      <Filter>소스 파일</Filter>
    </ClCompile>
    <ClCompile Include="11004_K번째수.cpp">
      <Filter>소스 파일</Filter>
    </ClCompile>
    <ClCompile Include="1300_K번째수.cpp">
      <Filter>소스 파일</Filter>
    </ClCompile>
    <ClCompile Include="2858_기숙사바닥.cpp">
      <Filter>소스 파일</Filter>
    </ClCompile>
    <ClCompile Include="10546_배부른마라토너.cpp">
      <Filter>소스 파일</Filter>
    </ClCompile>
    <ClCompile Include="5052_전화번호목록.cpp">
      <Filter>소스 파일</Filter>
    </ClCompile>
    <ClCompile Include="10799_쇠막대기.cpp">
      <Filter>소스 파일</Filter>
    </ClCompile>
    <ClCompile Include="1966_프린터큐.cpp">
      <Filter>소스 파일</Filter>
    </ClCompile>
    <ClCompile Include="2493_탑.cpp">
      <Filter>소스 파일</Filter>
    </ClCompile>
    <ClCompile Include="13335_트럭.cpp">
      <Filter>소스 파일</Filter>
    </ClCompile>
    <ClCompile Include="14888_연산자끼워넣기.cpp">
      <Filter>소스 파일</Filter>
    </ClCompile>
    <ClCompile Include="14889_스타트와링크.cpp">
      <Filter>소스 파일</Filter>
    </ClCompile>
    <ClCompile Include="14500_테트로미노.cpp">
      <Filter>소스 파일</Filter>
    </ClCompile>
    <ClCompile Include="7662_이중우선순위큐.cpp">
      <Filter>소스 파일</Filter>
    </ClCompile>
    <ClCompile Include="2468_안전영역.cpp">
      <Filter>소스 파일</Filter>
    </ClCompile>
    <ClCompile Include="1938_통나무옮기기.cpp">
      <Filter>소스 파일</Filter>
    </ClCompile>
    <ClCompile Include="1600_말이되고픈원숭이.cpp">
      <Filter>소스 파일</Filter>
    </ClCompile>
    <ClCompile Include="1008_A나누기B.cpp">
      <Filter>소스 파일</Filter>
    </ClCompile>
    <ClCompile Include="1003_피보나치함수.cpp">
      <Filter>소스 파일</Filter>
    </ClCompile>
    <ClCompile Include="2931_가스관.cpp">
      <Filter>소스 파일</Filter>
    </ClCompile>
    <ClCompile Include="2448_별찍기-11.cpp">
      <Filter>소스 파일</Filter>
    </ClCompile>
    <ClCompile Include="1932_정수삼각형.cpp">
      <Filter>소스 파일</Filter>
    </ClCompile>
    <ClCompile Include="2309_일곱난쟁이.cpp">
      <Filter>소스 파일</Filter>
    </ClCompile>
    <ClCompile Include="1937_욕심쟁이판다.cpp">
      <Filter>소스 파일</Filter>
    </ClCompile>
    <ClCompile Include="2638_치즈.cpp">
      <Filter>소스 파일</Filter>
    </ClCompile>
    <ClCompile Include="9376_탈옥.cpp">
      <Filter>소스 파일</Filter>
    </ClCompile>
    <ClCompile Include="13301_타일장식물.cpp">
      <Filter>소스 파일</Filter>
    </ClCompile>
    <ClCompile Include="5427_불.cpp">
      <Filter>소스 파일</Filter>
    </ClCompile>
    <ClCompile Include="1726_로봇.cpp">
      <Filter>소스 파일</Filter>
    </ClCompile>
    <ClCompile Include="2169_로봇조종하기.cpp">
      <Filter>소스 파일</Filter>
    </ClCompile>
    <ClCompile Include="9365_패션왕신해빈.cpp">
      <Filter>소스 파일</Filter>
    </ClCompile>
    <ClCompile Include="1085_직사각형에서탈출.cpp">
      <Filter>소스 파일</Filter>
    </ClCompile>
    <ClCompile Include="2292_벌집.cpp">
      <Filter>소스 파일</Filter>
    </ClCompile>
    <ClCompile Include="1193_분수찾기.cpp">
      <Filter>소스 파일</Filter>
    </ClCompile>
    <ClCompile Include="1475_방번호.cpp">
      <Filter>소스 파일</Filter>
    </ClCompile>
    <ClCompile Include="1181_단어정렬.cpp">
      <Filter>소스 파일</Filter>
    </ClCompile>
    <ClCompile Include="11050_이항계수1.cpp">
      <Filter>소스 파일</Filter>
    </ClCompile>
    <ClCompile Include="1011_FlyMeToTheAlphaCentauri.cpp">
      <Filter>소스 파일</Filter>
    </ClCompile>
    <ClCompile Include="2447_별찍기-10.cpp">
      <Filter>소스 파일</Filter>
    </ClCompile>
    <ClCompile Include="2164_카드2.cpp">
      <Filter>소스 파일</Filter>
    </ClCompile>
    <ClCompile Include="4948_베르트랑공준.cpp">
      <Filter>소스 파일</Filter>
    </ClCompile>
    <ClCompile Include="9020_골드바흐의추측.cpp">
      <Filter>소스 파일</Filter>
    </ClCompile>
    <ClCompile Include="6588_골드바흐의추측.cpp">
      <Filter>소스 파일</Filter>
    </ClCompile>
    <ClCompile Include="1194_달이차오른다,가자.cpp">
      <Filter>소스 파일</Filter>
    </ClCompile>
    <ClCompile Include="2312_수복원하기.cpp">
      <Filter>소스 파일</Filter>
    </ClCompile>
    <ClCompile Include="10773_제로.cpp">
      <Filter>소스 파일</Filter>
    </ClCompile>
    <ClCompile Include="4949_균형잡힌세상.cpp">
      <Filter>소스 파일</Filter>
    </ClCompile>
    <ClCompile Include="1158_조세퍼스문제.cpp">
      <Filter>소스 파일</Filter>
    </ClCompile>
    <ClCompile Include="2609_최대공약수와최소공배수.cpp">
      <Filter>소스 파일</Filter>
    </ClCompile>
  </ItemGroup>
</Project>